// !$*UTF8*$!
{
	archiveVersion = 1;
	classes = {
	};
	objectVersion = 46;
	objects = {

/* Begin PBXBuildFile section */
		C52561C11705AD5200AC76A2 /* UIKit.framework in Frameworks */ = {isa = PBXBuildFile; fileRef = C52561C01705AD5200AC76A2 /* UIKit.framework */; };
		C52561C31705AD5200AC76A2 /* Foundation.framework in Frameworks */ = {isa = PBXBuildFile; fileRef = C52561C21705AD5200AC76A2 /* Foundation.framework */; };
		C52561C51705AD5200AC76A2 /* CoreGraphics.framework in Frameworks */ = {isa = PBXBuildFile; fileRef = C52561C41705AD5200AC76A2 /* CoreGraphics.framework */; };
		C52561C71705AD5200AC76A2 /* CoreData.framework in Frameworks */ = {isa = PBXBuildFile; fileRef = C52561C61705AD5200AC76A2 /* CoreData.framework */; };
		C52561CD1705AD5200AC76A2 /* InfoPlist.strings in Resources */ = {isa = PBXBuildFile; fileRef = C52561CB1705AD5200AC76A2 /* InfoPlist.strings */; };
		C52561CF1705AD5200AC76A2 /* main.m in Sources */ = {isa = PBXBuildFile; fileRef = C52561CE1705AD5200AC76A2 /* main.m */; };
		C52561D31705AD5200AC76A2 /* AppDelegate.m in Sources */ = {isa = PBXBuildFile; fileRef = C52561D21705AD5200AC76A2 /* AppDelegate.m */; };
		C52561D51705AD5200AC76A2 /* Default.png in Resources */ = {isa = PBXBuildFile; fileRef = C52561D41705AD5200AC76A2 /* Default.png */; };
		C52561D71705AD5200AC76A2 /* Default@2x.png in Resources */ = {isa = PBXBuildFile; fileRef = C52561D61705AD5200AC76A2 /* Default@2x.png */; };
		C52561D91705AD5200AC76A2 /* Default-568h@2x.png in Resources */ = {isa = PBXBuildFile; fileRef = C52561D81705AD5200AC76A2 /* Default-568h@2x.png */; };
		C52561DC1705AD5200AC76A2 /* EiffelApplication.xcdatamodeld in Sources */ = {isa = PBXBuildFile; fileRef = C52561DA1705AD5200AC76A2 /* EiffelApplication.xcdatamodeld */; };
		C52561E41705AD5200AC76A2 /* SenTestingKit.framework in Frameworks */ = {isa = PBXBuildFile; fileRef = C52561E31705AD5200AC76A2 /* SenTestingKit.framework */; };
		C52561E51705AD5200AC76A2 /* UIKit.framework in Frameworks */ = {isa = PBXBuildFile; fileRef = C52561C01705AD5200AC76A2 /* UIKit.framework */; };
		C52561E61705AD5200AC76A2 /* Foundation.framework in Frameworks */ = {isa = PBXBuildFile; fileRef = C52561C21705AD5200AC76A2 /* Foundation.framework */; };
		C52561E71705AD5200AC76A2 /* CoreData.framework in Frameworks */ = {isa = PBXBuildFile; fileRef = C52561C61705AD5200AC76A2 /* CoreData.framework */; };
		C52561EF1705AD5200AC76A2 /* InfoPlist.strings in Resources */ = {isa = PBXBuildFile; fileRef = C52561ED1705AD5200AC76A2 /* InfoPlist.strings */; };
		C52561F21705AD5200AC76A2 /* EiffelApplicationTests.m in Sources */ = {isa = PBXBuildFile; fileRef = C52561F11705AD5200AC76A2 /* EiffelApplicationTests.m */; };
		C52562481705ADAB00AC76A2 /* AFHTTPClient.m in Sources */ = {isa = PBXBuildFile; fileRef = C52562001705ADAB00AC76A2 /* AFHTTPClient.m */; };
		C52562491705ADAB00AC76A2 /* AFHTTPRequestOperation.m in Sources */ = {isa = PBXBuildFile; fileRef = C52562021705ADAB00AC76A2 /* AFHTTPRequestOperation.m */; };
		C525624A1705ADAB00AC76A2 /* AFImageRequestOperation.m in Sources */ = {isa = PBXBuildFile; fileRef = C52562041705ADAB00AC76A2 /* AFImageRequestOperation.m */; };
		C525624B1705ADAB00AC76A2 /* AFJSONRequestOperation.m in Sources */ = {isa = PBXBuildFile; fileRef = C52562061705ADAB00AC76A2 /* AFJSONRequestOperation.m */; };
		C525624C1705ADAB00AC76A2 /* AFNetworkActivityIndicatorManager.m in Sources */ = {isa = PBXBuildFile; fileRef = C52562081705ADAB00AC76A2 /* AFNetworkActivityIndicatorManager.m */; };
		C525624D1705ADAB00AC76A2 /* AFPropertyListRequestOperation.m in Sources */ = {isa = PBXBuildFile; fileRef = C525620B1705ADAB00AC76A2 /* AFPropertyListRequestOperation.m */; };
		C525624E1705ADAB00AC76A2 /* AFURLConnectionOperation.m in Sources */ = {isa = PBXBuildFile; fileRef = C525620D1705ADAB00AC76A2 /* AFURLConnectionOperation.m */; };
		C525624F1705ADAB00AC76A2 /* AFXMLRequestOperation.m in Sources */ = {isa = PBXBuildFile; fileRef = C525620F1705ADAB00AC76A2 /* AFXMLRequestOperation.m */; };
		C52562501705ADAB00AC76A2 /* UIImageView+AFNetworking.m in Sources */ = {isa = PBXBuildFile; fileRef = C52562111705ADAB00AC76A2 /* UIImageView+AFNetworking.m */; };
		C52562511705ADAB00AC76A2 /* FMDatabase.m in Sources */ = {isa = PBXBuildFile; fileRef = C52562141705ADAB00AC76A2 /* FMDatabase.m */; settings = {COMPILER_FLAGS = "-fno-objc-arc"; }; };
		C52562521705ADAB00AC76A2 /* FMDatabaseAdditions.m in Sources */ = {isa = PBXBuildFile; fileRef = C52562161705ADAB00AC76A2 /* FMDatabaseAdditions.m */; settings = {COMPILER_FLAGS = "-fno-objc-arc"; }; };
		C52562531705ADAB00AC76A2 /* FMDatabasePool.m in Sources */ = {isa = PBXBuildFile; fileRef = C52562181705ADAB00AC76A2 /* FMDatabasePool.m */; settings = {COMPILER_FLAGS = "-fno-objc-arc"; }; };
		C52562541705ADAB00AC76A2 /* FMDatabaseQueue.m in Sources */ = {isa = PBXBuildFile; fileRef = C525621A1705ADAB00AC76A2 /* FMDatabaseQueue.m */; settings = {COMPILER_FLAGS = "-fno-objc-arc"; }; };
		C52562561705ADAB00AC76A2 /* FMResultSet.m in Sources */ = {isa = PBXBuildFile; fileRef = C525621D1705ADAB00AC76A2 /* FMResultSet.m */; settings = {COMPILER_FLAGS = "-fno-objc-arc"; }; };
		C52562581705ADAB00AC76A2 /* JSONKit.m in Sources */ = {isa = PBXBuildFile; fileRef = C52562211705ADAB00AC76A2 /* JSONKit.m */; settings = {COMPILER_FLAGS = "-fno-objc-arc"; }; };
		C525625A1705ADAB00AC76A2 /* EGOCache.m in Sources */ = {isa = PBXBuildFile; fileRef = C52562261705ADAB00AC76A2 /* EGOCache.m */; };
		C525625C1705ADAB00AC76A2 /* DDAbstractDatabaseLogger.m in Sources */ = {isa = PBXBuildFile; fileRef = C525622A1705ADAB00AC76A2 /* DDAbstractDatabaseLogger.m */; };
		C525625D1705ADAB00AC76A2 /* DDASLLogger.m in Sources */ = {isa = PBXBuildFile; fileRef = C525622C1705ADAB00AC76A2 /* DDASLLogger.m */; };
		C525625E1705ADAB00AC76A2 /* DDFileLogger.m in Sources */ = {isa = PBXBuildFile; fileRef = C525622E1705ADAB00AC76A2 /* DDFileLogger.m */; };
		C525625F1705ADAB00AC76A2 /* DDLog.m in Sources */ = {isa = PBXBuildFile; fileRef = C52562301705ADAB00AC76A2 /* DDLog.m */; };
		C52562601705ADAB00AC76A2 /* DDTTYLogger.m in Sources */ = {isa = PBXBuildFile; fileRef = C52562321705ADAB00AC76A2 /* DDTTYLogger.m */; };
		C52562611705ADAB00AC76A2 /* ContextFilterLogFormatter.m in Sources */ = {isa = PBXBuildFile; fileRef = C52562351705ADAB00AC76A2 /* ContextFilterLogFormatter.m */; };
		C52562621705ADAB00AC76A2 /* DispatchQueueLogFormatter.m in Sources */ = {isa = PBXBuildFile; fileRef = C52562371705ADAB00AC76A2 /* DispatchQueueLogFormatter.m */; };
		C52562641705ADAB00AC76A2 /* Mixin.m in Sources */ = {isa = PBXBuildFile; fileRef = C525623B1705ADAB00AC76A2 /* Mixin.m */; };
		C52562651705ADAB00AC76A2 /* Underscore+Functional.m in Sources */ = {isa = PBXBuildFile; fileRef = C525623E1705ADAB00AC76A2 /* Underscore+Functional.m */; };
		C52562661705ADAB00AC76A2 /* Underscore.m in Sources */ = {isa = PBXBuildFile; fileRef = C52562411705ADAB00AC76A2 /* Underscore.m */; };
		C52562671705ADAB00AC76A2 /* USArrayWrapper.m in Sources */ = {isa = PBXBuildFile; fileRef = C52562431705ADAB00AC76A2 /* USArrayWrapper.m */; };
		C52562681705ADAB00AC76A2 /* USDictionaryWrapper.m in Sources */ = {isa = PBXBuildFile; fileRef = C52562461705ADAB00AC76A2 /* USDictionaryWrapper.m */; };
		C525627F1705ADF000AC76A2 /* Accelerate.framework in Frameworks */ = {isa = PBXBuildFile; fileRef = C52562691705ADF000AC76A2 /* Accelerate.framework */; };
		C52562801705ADF000AC76A2 /* AudioToolbox.framework in Frameworks */ = {isa = PBXBuildFile; fileRef = C525626A1705ADF000AC76A2 /* AudioToolbox.framework */; };
		C52562811705ADF000AC76A2 /* AVFoundation.framework in Frameworks */ = {isa = PBXBuildFile; fileRef = C525626B1705ADF000AC76A2 /* AVFoundation.framework */; };
		C52562821705ADF000AC76A2 /* CFNetwork.framework in Frameworks */ = {isa = PBXBuildFile; fileRef = C525626C1705ADF000AC76A2 /* CFNetwork.framework */; };
		C52562831705ADF000AC76A2 /* CoreImage.framework in Frameworks */ = {isa = PBXBuildFile; fileRef = C525626D1705ADF000AC76A2 /* CoreImage.framework */; };
		C52562841705ADF000AC76A2 /* CoreLocation.framework in Frameworks */ = {isa = PBXBuildFile; fileRef = C525626E1705ADF000AC76A2 /* CoreLocation.framework */; };
		C52562851705ADF000AC76A2 /* CoreMotion.framework in Frameworks */ = {isa = PBXBuildFile; fileRef = C525626F1705ADF000AC76A2 /* CoreMotion.framework */; };
		C52562861705ADF000AC76A2 /* CoreText.framework in Frameworks */ = {isa = PBXBuildFile; fileRef = C52562701705ADF000AC76A2 /* CoreText.framework */; };
		C52562871705ADF000AC76A2 /* GameKit.framework in Frameworks */ = {isa = PBXBuildFile; fileRef = C52562711705ADF000AC76A2 /* GameKit.framework */; };
		C52562881705ADF000AC76A2 /* iAd.framework in Frameworks */ = {isa = PBXBuildFile; fileRef = C52562721705ADF000AC76A2 /* iAd.framework */; };
		C52562891705ADF000AC76A2 /* ImageIO.framework in Frameworks */ = {isa = PBXBuildFile; fileRef = C52562731705ADF000AC76A2 /* ImageIO.framework */; };
		C525628A1705ADF000AC76A2 /* MapKit.framework in Frameworks */ = {isa = PBXBuildFile; fileRef = C52562741705ADF000AC76A2 /* MapKit.framework */; };
		C525628B1705ADF000AC76A2 /* MediaPlayer.framework in Frameworks */ = {isa = PBXBuildFile; fileRef = C52562751705ADF000AC76A2 /* MediaPlayer.framework */; };
		C525628C1705ADF000AC76A2 /* MediaToolbox.framework in Frameworks */ = {isa = PBXBuildFile; fileRef = C52562761705ADF000AC76A2 /* MediaToolbox.framework */; };
		C525628D1705ADF000AC76A2 /* MessageUI.framework in Frameworks */ = {isa = PBXBuildFile; fileRef = C52562771705ADF000AC76A2 /* MessageUI.framework */; };
		C525628E1705ADF000AC76A2 /* MobileCoreServices.framework in Frameworks */ = {isa = PBXBuildFile; fileRef = C52562781705ADF000AC76A2 /* MobileCoreServices.framework */; };
		C525628F1705ADF000AC76A2 /* OpenGLES.framework in Frameworks */ = {isa = PBXBuildFile; fileRef = C52562791705ADF000AC76A2 /* OpenGLES.framework */; };
		C52562901705ADF000AC76A2 /* QuartzCore.framework in Frameworks */ = {isa = PBXBuildFile; fileRef = C525627A1705ADF000AC76A2 /* QuartzCore.framework */; };
		C52562911705ADF000AC76A2 /* Security.framework in Frameworks */ = {isa = PBXBuildFile; fileRef = C525627B1705ADF000AC76A2 /* Security.framework */; };
		C52562921705ADF000AC76A2 /* Social.framework in Frameworks */ = {isa = PBXBuildFile; fileRef = C525627C1705ADF000AC76A2 /* Social.framework */; };
		C52562931705ADF000AC76A2 /* StoreKit.framework in Frameworks */ = {isa = PBXBuildFile; fileRef = C525627D1705ADF000AC76A2 /* StoreKit.framework */; };
		C52562941705ADF000AC76A2 /* SystemConfiguration.framework in Frameworks */ = {isa = PBXBuildFile; fileRef = C525627E1705ADF000AC76A2 /* SystemConfiguration.framework */; };
		C52562981705AE2000AC76A2 /* libsqlite3.dylib in Frameworks */ = {isa = PBXBuildFile; fileRef = C52562951705AE2000AC76A2 /* libsqlite3.dylib */; };
		C52562991705AE2000AC76A2 /* libxml2.dylib in Frameworks */ = {isa = PBXBuildFile; fileRef = C52562961705AE2000AC76A2 /* libxml2.dylib */; };
		C525629A1705AE2000AC76A2 /* libz.dylib in Frameworks */ = {isa = PBXBuildFile; fileRef = C52562971705AE2000AC76A2 /* libz.dylib */; };
		C531746917090858004C1FB9 /* Toast+UIView.m in Sources */ = {isa = PBXBuildFile; fileRef = C531746817090858004C1FB9 /* Toast+UIView.m */; settings = {COMPILER_FLAGS = "-fno-objc-arc"; }; };
		C53174FA17090DA4004C1FB9 /* NSString+Versioning.m in Sources */ = {isa = PBXBuildFile; fileRef = C53174C317090DA4004C1FB9 /* NSString+Versioning.m */; };
		C53174FB17090DA4004C1FB9 /* SS+Functions.m in Sources */ = {isa = PBXBuildFile; fileRef = C53174C517090DA4004C1FB9 /* SS+Functions.m */; };
		C53174FC17090DA4004C1FB9 /* SS+System.m in Sources */ = {isa = PBXBuildFile; fileRef = C53174C717090DA4004C1FB9 /* SS+System.m */; };
		C53174FD17090DA4004C1FB9 /* NSArray+JavaScript.m in Sources */ = {isa = PBXBuildFile; fileRef = C53174CB17090DA4004C1FB9 /* NSArray+JavaScript.m */; };
		C53174FE17090DA4004C1FB9 /* NSDate+JavaScript.m in Sources */ = {isa = PBXBuildFile; fileRef = C53174CD17090DA4004C1FB9 /* NSDate+JavaScript.m */; };
		C53174FF17090DA4004C1FB9 /* NSDictionary+JavaScript.m in Sources */ = {isa = PBXBuildFile; fileRef = C53174CF17090DA4004C1FB9 /* NSDictionary+JavaScript.m */; };
		C531750017090DA4004C1FB9 /* NSMutableArray+JavaScript.m in Sources */ = {isa = PBXBuildFile; fileRef = C53174D117090DA4004C1FB9 /* NSMutableArray+JavaScript.m */; };
		C531750117090DA4004C1FB9 /* NSMutableDictionary+JavaScript.m in Sources */ = {isa = PBXBuildFile; fileRef = C53174D317090DA4004C1FB9 /* NSMutableDictionary+JavaScript.m */; };
		C531750217090DA4004C1FB9 /* NSMutableString+JavaScript.m in Sources */ = {isa = PBXBuildFile; fileRef = C53174D517090DA4004C1FB9 /* NSMutableString+JavaScript.m */; };
		C531750317090DA4004C1FB9 /* NSNumber+JavaScript.m in Sources */ = {isa = PBXBuildFile; fileRef = C53174D717090DA4004C1FB9 /* NSNumber+JavaScript.m */; };
		C531750417090DA4004C1FB9 /* NSObject+JavaScript.m in Sources */ = {isa = PBXBuildFile; fileRef = C53174D917090DA4004C1FB9 /* NSObject+JavaScript.m */; };
		C531750517090DA4004C1FB9 /* NSString+JavaScript.m in Sources */ = {isa = PBXBuildFile; fileRef = C53174DB17090DA4004C1FB9 /* NSString+JavaScript.m */; };
		C531750617090DA4004C1FB9 /* SS+JavaScript.m in Sources */ = {isa = PBXBuildFile; fileRef = C53174DD17090DA4004C1FB9 /* SS+JavaScript.m */; };
		C531750717090DA4004C1FB9 /* SS+Types.m in Sources */ = {isa = PBXBuildFile; fileRef = C53174DF17090DA4004C1FB9 /* SS+Types.m */; };
		C531750817090DA4004C1FB9 /* NSDictionary+NamedProperties.m in Sources */ = {isa = PBXBuildFile; fileRef = C53174E117090DA4004C1FB9 /* NSDictionary+NamedProperties.m */; };
		C531750917090DA4004C1FB9 /* SS.m in Sources */ = {isa = PBXBuildFile; fileRef = C53174E317090DA4004C1FB9 /* SS.m */; };
		C531750A17090DA4004C1FB9 /* SubjectiveScript.m in Sources */ = {isa = PBXBuildFile; fileRef = C53174E517090DA4004C1FB9 /* SubjectiveScript.m */; };
		C531750B17090DA4004C1FB9 /* NSArray+SS.m in Sources */ = {isa = PBXBuildFile; fileRef = C53174E817090DA4004C1FB9 /* NSArray+SS.m */; };
		C531750C17090DA4004C1FB9 /* NSDate+SS.m in Sources */ = {isa = PBXBuildFile; fileRef = C53174EA17090DA4004C1FB9 /* NSDate+SS.m */; };
		C531750D17090DA4004C1FB9 /* NSDictionary+SS.m in Sources */ = {isa = PBXBuildFile; fileRef = C53174EC17090DA4004C1FB9 /* NSDictionary+SS.m */; };
		C531750E17090DA4004C1FB9 /* NSMutableArray+SS.m in Sources */ = {isa = PBXBuildFile; fileRef = C53174EE17090DA4004C1FB9 /* NSMutableArray+SS.m */; };
		C531750F17090DA4004C1FB9 /* NSMutableDictionary+SS.m in Sources */ = {isa = PBXBuildFile; fileRef = C53174F017090DA4004C1FB9 /* NSMutableDictionary+SS.m */; };
		C531751017090DA4004C1FB9 /* NSMutableString+SS.m in Sources */ = {isa = PBXBuildFile; fileRef = C53174F217090DA4004C1FB9 /* NSMutableString+SS.m */; };
		C531751117090DA4004C1FB9 /* NSNumber+SS.m in Sources */ = {isa = PBXBuildFile; fileRef = C53174F417090DA4004C1FB9 /* NSNumber+SS.m */; };
		C531751217090DA4004C1FB9 /* NSObject+SS.m in Sources */ = {isa = PBXBuildFile; fileRef = C53174F617090DA4004C1FB9 /* NSObject+SS.m */; };
		C531751317090DA4004C1FB9 /* NSString+SS.m in Sources */ = {isa = PBXBuildFile; fileRef = C53174F817090DA4004C1FB9 /* NSString+SS.m */; };
		C531751917090DC7004C1FB9 /* HTMLNode.m in Sources */ = {isa = PBXBuildFile; fileRef = C531751617090DC7004C1FB9 /* HTMLNode.m */; };
		C531751A17090DC7004C1FB9 /* HTMLParser.m in Sources */ = {isa = PBXBuildFile; fileRef = C531751817090DC7004C1FB9 /* HTMLParser.m */; };
		C531752017090F66004C1FB9 /* SSKeychain.m in Sources */ = {isa = PBXBuildFile; fileRef = C531751D17090F66004C1FB9 /* SSKeychain.m */; };
		C531752117090F66004C1FB9 /* SSKeychainQuery.m in Sources */ = {isa = PBXBuildFile; fileRef = C531751F17090F66004C1FB9 /* SSKeychainQuery.m */; };
		C531753017090F83004C1FB9 /* NSArray+ObjectiveSugar.m in Sources */ = {isa = PBXBuildFile; fileRef = C531752417090F83004C1FB9 /* NSArray+ObjectiveSugar.m */; };
		C531753117090F83004C1FB9 /* NSDictionary+ObjectiveSugar.m in Sources */ = {isa = PBXBuildFile; fileRef = C531752617090F83004C1FB9 /* NSDictionary+ObjectiveSugar.m */; };
		C531753217090F83004C1FB9 /* NSMutableArray+ObjectiveSugar.m in Sources */ = {isa = PBXBuildFile; fileRef = C531752817090F83004C1FB9 /* NSMutableArray+ObjectiveSugar.m */; };
		C531753317090F83004C1FB9 /* NSNumber+ObjectiveSugar.m in Sources */ = {isa = PBXBuildFile; fileRef = C531752A17090F83004C1FB9 /* NSNumber+ObjectiveSugar.m */; };
		C531753417090F83004C1FB9 /* NSSet+ObjectiveSugar.m in Sources */ = {isa = PBXBuildFile; fileRef = C531752C17090F83004C1FB9 /* NSSet+ObjectiveSugar.m */; };
		C531753517090F83004C1FB9 /* NSString+ObjectiveSugar.m in Sources */ = {isa = PBXBuildFile; fileRef = C531752E17090F83004C1FB9 /* NSString+ObjectiveSugar.m */; };
		C5317539170911F7004C1FB9 /* RXMLElement.m in Sources */ = {isa = PBXBuildFile; fileRef = C5317538170911F7004C1FB9 /* RXMLElement.m */; };
		C531753D170919DE004C1FB9 /* SecureUDID.m in Sources */ = {isa = PBXBuildFile; fileRef = C531753C170919DE004C1FB9 /* SecureUDID.m */; settings = {COMPILER_FLAGS = "-fno-objc-arc"; }; };
/* End PBXBuildFile section */

/* Begin PBXContainerItemProxy section */
		C52561E81705AD5200AC76A2 /* PBXContainerItemProxy */ = {
			isa = PBXContainerItemProxy;
			containerPortal = C52561B51705AD5200AC76A2 /* Project object */;
			proxyType = 1;
			remoteGlobalIDString = C52561BC1705AD5200AC76A2;
			remoteInfo = EiffelApplication;
		};
/* End PBXContainerItemProxy section */

/* Begin PBXFileReference section */
		C52561BD1705AD5200AC76A2 /* EiffelApplication.app */ = {isa = PBXFileReference; explicitFileType = wrapper.application; includeInIndex = 0; path = EiffelApplication.app; sourceTree = BUILT_PRODUCTS_DIR; };
		C52561C01705AD5200AC76A2 /* UIKit.framework */ = {isa = PBXFileReference; lastKnownFileType = wrapper.framework; name = UIKit.framework; path = System/Library/Frameworks/UIKit.framework; sourceTree = SDKROOT; };
		C52561C21705AD5200AC76A2 /* Foundation.framework */ = {isa = PBXFileReference; lastKnownFileType = wrapper.framework; name = Foundation.framework; path = System/Library/Frameworks/Foundation.framework; sourceTree = SDKROOT; };
		C52561C41705AD5200AC76A2 /* CoreGraphics.framework */ = {isa = PBXFileReference; lastKnownFileType = wrapper.framework; name = CoreGraphics.framework; path = System/Library/Frameworks/CoreGraphics.framework; sourceTree = SDKROOT; };
		C52561C61705AD5200AC76A2 /* CoreData.framework */ = {isa = PBXFileReference; lastKnownFileType = wrapper.framework; name = CoreData.framework; path = System/Library/Frameworks/CoreData.framework; sourceTree = SDKROOT; };
		C52561CA1705AD5200AC76A2 /* EiffelApplication-Info.plist */ = {isa = PBXFileReference; lastKnownFileType = text.plist.xml; path = "EiffelApplication-Info.plist"; sourceTree = "<group>"; };
		C52561CC1705AD5200AC76A2 /* en */ = {isa = PBXFileReference; lastKnownFileType = text.plist.strings; name = en; path = en.lproj/InfoPlist.strings; sourceTree = "<group>"; };
		C52561CE1705AD5200AC76A2 /* main.m */ = {isa = PBXFileReference; lastKnownFileType = sourcecode.c.objc; path = main.m; sourceTree = "<group>"; };
		C52561D01705AD5200AC76A2 /* EiffelApplication-Prefix.pch */ = {isa = PBXFileReference; lastKnownFileType = sourcecode.c.h; path = "EiffelApplication-Prefix.pch"; sourceTree = "<group>"; };
		C52561D11705AD5200AC76A2 /* AppDelegate.h */ = {isa = PBXFileReference; lastKnownFileType = sourcecode.c.h; name = AppDelegate.h; path = ../AppDelegate.h; sourceTree = "<group>"; };
		C52561D21705AD5200AC76A2 /* AppDelegate.m */ = {isa = PBXFileReference; lastKnownFileType = sourcecode.c.objc; name = AppDelegate.m; path = ../AppDelegate.m; sourceTree = "<group>"; };
		C52561D41705AD5200AC76A2 /* Default.png */ = {isa = PBXFileReference; lastKnownFileType = image.png; path = Default.png; sourceTree = "<group>"; };
		C52561D61705AD5200AC76A2 /* Default@2x.png */ = {isa = PBXFileReference; lastKnownFileType = image.png; path = "Default@2x.png"; sourceTree = "<group>"; };
		C52561D81705AD5200AC76A2 /* Default-568h@2x.png */ = {isa = PBXFileReference; lastKnownFileType = image.png; path = "Default-568h@2x.png"; sourceTree = "<group>"; };
		C52561DB1705AD5200AC76A2 /* EiffelApplication.xcdatamodel */ = {isa = PBXFileReference; lastKnownFileType = wrapper.xcdatamodel; path = EiffelApplication.xcdatamodel; sourceTree = "<group>"; };
		C52561E21705AD5200AC76A2 /* EiffelApplicationTests.octest */ = {isa = PBXFileReference; explicitFileType = wrapper.cfbundle; includeInIndex = 0; path = EiffelApplicationTests.octest; sourceTree = BUILT_PRODUCTS_DIR; };
		C52561E31705AD5200AC76A2 /* SenTestingKit.framework */ = {isa = PBXFileReference; lastKnownFileType = wrapper.framework; name = SenTestingKit.framework; path = Library/Frameworks/SenTestingKit.framework; sourceTree = DEVELOPER_DIR; };
		C52561EC1705AD5200AC76A2 /* EiffelApplicationTests-Info.plist */ = {isa = PBXFileReference; lastKnownFileType = text.plist.xml; path = "EiffelApplicationTests-Info.plist"; sourceTree = "<group>"; };
		C52561EE1705AD5200AC76A2 /* en */ = {isa = PBXFileReference; lastKnownFileType = text.plist.strings; name = en; path = en.lproj/InfoPlist.strings; sourceTree = "<group>"; };
		C52561F01705AD5200AC76A2 /* EiffelApplicationTests.h */ = {isa = PBXFileReference; lastKnownFileType = sourcecode.c.h; path = EiffelApplicationTests.h; sourceTree = "<group>"; };
		C52561F11705AD5200AC76A2 /* EiffelApplicationTests.m */ = {isa = PBXFileReference; lastKnownFileType = sourcecode.c.objc; path = EiffelApplicationTests.m; sourceTree = "<group>"; };
		C52561FF1705ADAB00AC76A2 /* AFHTTPClient.h */ = {isa = PBXFileReference; fileEncoding = 4; lastKnownFileType = sourcecode.c.h; path = AFHTTPClient.h; sourceTree = "<group>"; };
		C52562001705ADAB00AC76A2 /* AFHTTPClient.m */ = {isa = PBXFileReference; fileEncoding = 4; lastKnownFileType = sourcecode.c.objc; path = AFHTTPClient.m; sourceTree = "<group>"; };
		C52562011705ADAB00AC76A2 /* AFHTTPRequestOperation.h */ = {isa = PBXFileReference; fileEncoding = 4; lastKnownFileType = sourcecode.c.h; path = AFHTTPRequestOperation.h; sourceTree = "<group>"; };
		C52562021705ADAB00AC76A2 /* AFHTTPRequestOperation.m */ = {isa = PBXFileReference; fileEncoding = 4; lastKnownFileType = sourcecode.c.objc; path = AFHTTPRequestOperation.m; sourceTree = "<group>"; };
		C52562031705ADAB00AC76A2 /* AFImageRequestOperation.h */ = {isa = PBXFileReference; fileEncoding = 4; lastKnownFileType = sourcecode.c.h; path = AFImageRequestOperation.h; sourceTree = "<group>"; };
		C52562041705ADAB00AC76A2 /* AFImageRequestOperation.m */ = {isa = PBXFileReference; fileEncoding = 4; lastKnownFileType = sourcecode.c.objc; path = AFImageRequestOperation.m; sourceTree = "<group>"; };
		C52562051705ADAB00AC76A2 /* AFJSONRequestOperation.h */ = {isa = PBXFileReference; fileEncoding = 4; lastKnownFileType = sourcecode.c.h; path = AFJSONRequestOperation.h; sourceTree = "<group>"; };
		C52562061705ADAB00AC76A2 /* AFJSONRequestOperation.m */ = {isa = PBXFileReference; fileEncoding = 4; lastKnownFileType = sourcecode.c.objc; path = AFJSONRequestOperation.m; sourceTree = "<group>"; };
		C52562071705ADAB00AC76A2 /* AFNetworkActivityIndicatorManager.h */ = {isa = PBXFileReference; fileEncoding = 4; lastKnownFileType = sourcecode.c.h; path = AFNetworkActivityIndicatorManager.h; sourceTree = "<group>"; };
		C52562081705ADAB00AC76A2 /* AFNetworkActivityIndicatorManager.m */ = {isa = PBXFileReference; fileEncoding = 4; lastKnownFileType = sourcecode.c.objc; path = AFNetworkActivityIndicatorManager.m; sourceTree = "<group>"; };
		C52562091705ADAB00AC76A2 /* AFNetworking.h */ = {isa = PBXFileReference; fileEncoding = 4; lastKnownFileType = sourcecode.c.h; path = AFNetworking.h; sourceTree = "<group>"; };
		C525620A1705ADAB00AC76A2 /* AFPropertyListRequestOperation.h */ = {isa = PBXFileReference; fileEncoding = 4; lastKnownFileType = sourcecode.c.h; path = AFPropertyListRequestOperation.h; sourceTree = "<group>"; };
		C525620B1705ADAB00AC76A2 /* AFPropertyListRequestOperation.m */ = {isa = PBXFileReference; fileEncoding = 4; lastKnownFileType = sourcecode.c.objc; path = AFPropertyListRequestOperation.m; sourceTree = "<group>"; };
		C525620C1705ADAB00AC76A2 /* AFURLConnectionOperation.h */ = {isa = PBXFileReference; fileEncoding = 4; lastKnownFileType = sourcecode.c.h; path = AFURLConnectionOperation.h; sourceTree = "<group>"; };
		C525620D1705ADAB00AC76A2 /* AFURLConnectionOperation.m */ = {isa = PBXFileReference; fileEncoding = 4; lastKnownFileType = sourcecode.c.objc; path = AFURLConnectionOperation.m; sourceTree = "<group>"; };
		C525620E1705ADAB00AC76A2 /* AFXMLRequestOperation.h */ = {isa = PBXFileReference; fileEncoding = 4; lastKnownFileType = sourcecode.c.h; path = AFXMLRequestOperation.h; sourceTree = "<group>"; };
		C525620F1705ADAB00AC76A2 /* AFXMLRequestOperation.m */ = {isa = PBXFileReference; fileEncoding = 4; lastKnownFileType = sourcecode.c.objc; path = AFXMLRequestOperation.m; sourceTree = "<group>"; };
		C52562101705ADAB00AC76A2 /* UIImageView+AFNetworking.h */ = {isa = PBXFileReference; fileEncoding = 4; lastKnownFileType = sourcecode.c.h; path = "UIImageView+AFNetworking.h"; sourceTree = "<group>"; };
		C52562111705ADAB00AC76A2 /* UIImageView+AFNetworking.m */ = {isa = PBXFileReference; fileEncoding = 4; lastKnownFileType = sourcecode.c.objc; path = "UIImageView+AFNetworking.m"; sourceTree = "<group>"; };
		C52562131705ADAB00AC76A2 /* FMDatabase.h */ = {isa = PBXFileReference; fileEncoding = 4; lastKnownFileType = sourcecode.c.h; path = FMDatabase.h; sourceTree = "<group>"; };
		C52562141705ADAB00AC76A2 /* FMDatabase.m */ = {isa = PBXFileReference; fileEncoding = 4; lastKnownFileType = sourcecode.c.objc; path = FMDatabase.m; sourceTree = "<group>"; };
		C52562151705ADAB00AC76A2 /* FMDatabaseAdditions.h */ = {isa = PBXFileReference; fileEncoding = 4; lastKnownFileType = sourcecode.c.h; path = FMDatabaseAdditions.h; sourceTree = "<group>"; };
		C52562161705ADAB00AC76A2 /* FMDatabaseAdditions.m */ = {isa = PBXFileReference; fileEncoding = 4; lastKnownFileType = sourcecode.c.objc; path = FMDatabaseAdditions.m; sourceTree = "<group>"; };
		C52562171705ADAB00AC76A2 /* FMDatabasePool.h */ = {isa = PBXFileReference; fileEncoding = 4; lastKnownFileType = sourcecode.c.h; path = FMDatabasePool.h; sourceTree = "<group>"; };
		C52562181705ADAB00AC76A2 /* FMDatabasePool.m */ = {isa = PBXFileReference; fileEncoding = 4; lastKnownFileType = sourcecode.c.objc; path = FMDatabasePool.m; sourceTree = "<group>"; };
		C52562191705ADAB00AC76A2 /* FMDatabaseQueue.h */ = {isa = PBXFileReference; fileEncoding = 4; lastKnownFileType = sourcecode.c.h; path = FMDatabaseQueue.h; sourceTree = "<group>"; };
		C525621A1705ADAB00AC76A2 /* FMDatabaseQueue.m */ = {isa = PBXFileReference; fileEncoding = 4; lastKnownFileType = sourcecode.c.objc; path = FMDatabaseQueue.m; sourceTree = "<group>"; };
		C525621C1705ADAB00AC76A2 /* FMResultSet.h */ = {isa = PBXFileReference; fileEncoding = 4; lastKnownFileType = sourcecode.c.h; path = FMResultSet.h; sourceTree = "<group>"; };
		C525621D1705ADAB00AC76A2 /* FMResultSet.m */ = {isa = PBXFileReference; fileEncoding = 4; lastKnownFileType = sourcecode.c.objc; path = FMResultSet.m; sourceTree = "<group>"; };
		C52562201705ADAB00AC76A2 /* JSONKit.h */ = {isa = PBXFileReference; fileEncoding = 4; lastKnownFileType = sourcecode.c.h; path = JSONKit.h; sourceTree = "<group>"; };
		C52562211705ADAB00AC76A2 /* JSONKit.m */ = {isa = PBXFileReference; fileEncoding = 4; lastKnownFileType = sourcecode.c.objc; path = JSONKit.m; sourceTree = "<group>"; };
		C52562251705ADAB00AC76A2 /* EGOCache.h */ = {isa = PBXFileReference; fileEncoding = 4; lastKnownFileType = sourcecode.c.h; path = EGOCache.h; sourceTree = "<group>"; };
		C52562261705ADAB00AC76A2 /* EGOCache.m */ = {isa = PBXFileReference; fileEncoding = 4; lastKnownFileType = sourcecode.c.objc; path = EGOCache.m; sourceTree = "<group>"; };
		C52562291705ADAB00AC76A2 /* DDAbstractDatabaseLogger.h */ = {isa = PBXFileReference; fileEncoding = 4; lastKnownFileType = sourcecode.c.h; path = DDAbstractDatabaseLogger.h; sourceTree = "<group>"; };
		C525622A1705ADAB00AC76A2 /* DDAbstractDatabaseLogger.m */ = {isa = PBXFileReference; fileEncoding = 4; lastKnownFileType = sourcecode.c.objc; path = DDAbstractDatabaseLogger.m; sourceTree = "<group>"; };
		C525622B1705ADAB00AC76A2 /* DDASLLogger.h */ = {isa = PBXFileReference; fileEncoding = 4; lastKnownFileType = sourcecode.c.h; path = DDASLLogger.h; sourceTree = "<group>"; };
		C525622C1705ADAB00AC76A2 /* DDASLLogger.m */ = {isa = PBXFileReference; fileEncoding = 4; lastKnownFileType = sourcecode.c.objc; path = DDASLLogger.m; sourceTree = "<group>"; };
		C525622D1705ADAB00AC76A2 /* DDFileLogger.h */ = {isa = PBXFileReference; fileEncoding = 4; lastKnownFileType = sourcecode.c.h; path = DDFileLogger.h; sourceTree = "<group>"; };
		C525622E1705ADAB00AC76A2 /* DDFileLogger.m */ = {isa = PBXFileReference; fileEncoding = 4; lastKnownFileType = sourcecode.c.objc; path = DDFileLogger.m; sourceTree = "<group>"; };
		C525622F1705ADAB00AC76A2 /* DDLog.h */ = {isa = PBXFileReference; fileEncoding = 4; lastKnownFileType = sourcecode.c.h; path = DDLog.h; sourceTree = "<group>"; };
		C52562301705ADAB00AC76A2 /* DDLog.m */ = {isa = PBXFileReference; fileEncoding = 4; lastKnownFileType = sourcecode.c.objc; path = DDLog.m; sourceTree = "<group>"; };
		C52562311705ADAB00AC76A2 /* DDTTYLogger.h */ = {isa = PBXFileReference; fileEncoding = 4; lastKnownFileType = sourcecode.c.h; path = DDTTYLogger.h; sourceTree = "<group>"; };
		C52562321705ADAB00AC76A2 /* DDTTYLogger.m */ = {isa = PBXFileReference; fileEncoding = 4; lastKnownFileType = sourcecode.c.objc; path = DDTTYLogger.m; sourceTree = "<group>"; };
		C52562341705ADAB00AC76A2 /* ContextFilterLogFormatter.h */ = {isa = PBXFileReference; fileEncoding = 4; lastKnownFileType = sourcecode.c.h; path = ContextFilterLogFormatter.h; sourceTree = "<group>"; };
		C52562351705ADAB00AC76A2 /* ContextFilterLogFormatter.m */ = {isa = PBXFileReference; fileEncoding = 4; lastKnownFileType = sourcecode.c.objc; path = ContextFilterLogFormatter.m; sourceTree = "<group>"; };
		C52562361705ADAB00AC76A2 /* DispatchQueueLogFormatter.h */ = {isa = PBXFileReference; fileEncoding = 4; lastKnownFileType = sourcecode.c.h; path = DispatchQueueLogFormatter.h; sourceTree = "<group>"; };
		C52562371705ADAB00AC76A2 /* DispatchQueueLogFormatter.m */ = {isa = PBXFileReference; fileEncoding = 4; lastKnownFileType = sourcecode.c.objc; path = DispatchQueueLogFormatter.m; sourceTree = "<group>"; };
		C525623A1705ADAB00AC76A2 /* Mixin.h */ = {isa = PBXFileReference; fileEncoding = 4; lastKnownFileType = sourcecode.c.h; path = Mixin.h; sourceTree = "<group>"; };
		C525623B1705ADAB00AC76A2 /* Mixin.m */ = {isa = PBXFileReference; fileEncoding = 4; lastKnownFileType = sourcecode.c.objc; path = Mixin.m; sourceTree = "<group>"; };
		C525623D1705ADAB00AC76A2 /* Underscore+Functional.h */ = {isa = PBXFileReference; fileEncoding = 4; lastKnownFileType = sourcecode.c.h; path = "Underscore+Functional.h"; sourceTree = "<group>"; };
		C525623E1705ADAB00AC76A2 /* Underscore+Functional.m */ = {isa = PBXFileReference; fileEncoding = 4; lastKnownFileType = sourcecode.c.objc; path = "Underscore+Functional.m"; sourceTree = "<group>"; };
		C525623F1705ADAB00AC76A2 /* Underscore-Prefix.pch */ = {isa = PBXFileReference; fileEncoding = 4; lastKnownFileType = sourcecode.c.h; path = "Underscore-Prefix.pch"; sourceTree = "<group>"; };
		C52562401705ADAB00AC76A2 /* Underscore.h */ = {isa = PBXFileReference; fileEncoding = 4; lastKnownFileType = sourcecode.c.h; path = Underscore.h; sourceTree = "<group>"; };
		C52562411705ADAB00AC76A2 /* Underscore.m */ = {isa = PBXFileReference; fileEncoding = 4; lastKnownFileType = sourcecode.c.objc; path = Underscore.m; sourceTree = "<group>"; };
		C52562421705ADAB00AC76A2 /* USArrayWrapper.h */ = {isa = PBXFileReference; fileEncoding = 4; lastKnownFileType = sourcecode.c.h; path = USArrayWrapper.h; sourceTree = "<group>"; };
		C52562431705ADAB00AC76A2 /* USArrayWrapper.m */ = {isa = PBXFileReference; fileEncoding = 4; lastKnownFileType = sourcecode.c.objc; path = USArrayWrapper.m; sourceTree = "<group>"; };
		C52562441705ADAB00AC76A2 /* USConstants.h */ = {isa = PBXFileReference; fileEncoding = 4; lastKnownFileType = sourcecode.c.h; path = USConstants.h; sourceTree = "<group>"; };
		C52562451705ADAB00AC76A2 /* USDictionaryWrapper.h */ = {isa = PBXFileReference; fileEncoding = 4; lastKnownFileType = sourcecode.c.h; path = USDictionaryWrapper.h; sourceTree = "<group>"; };
		C52562461705ADAB00AC76A2 /* USDictionaryWrapper.m */ = {isa = PBXFileReference; fileEncoding = 4; lastKnownFileType = sourcecode.c.objc; path = USDictionaryWrapper.m; sourceTree = "<group>"; };
		C52562691705ADF000AC76A2 /* Accelerate.framework */ = {isa = PBXFileReference; lastKnownFileType = wrapper.framework; name = Accelerate.framework; path = System/Library/Frameworks/Accelerate.framework; sourceTree = SDKROOT; };
		C525626A1705ADF000AC76A2 /* AudioToolbox.framework */ = {isa = PBXFileReference; lastKnownFileType = wrapper.framework; name = AudioToolbox.framework; path = System/Library/Frameworks/AudioToolbox.framework; sourceTree = SDKROOT; };
		C525626B1705ADF000AC76A2 /* AVFoundation.framework */ = {isa = PBXFileReference; lastKnownFileType = wrapper.framework; name = AVFoundation.framework; path = System/Library/Frameworks/AVFoundation.framework; sourceTree = SDKROOT; };
		C525626C1705ADF000AC76A2 /* CFNetwork.framework */ = {isa = PBXFileReference; lastKnownFileType = wrapper.framework; name = CFNetwork.framework; path = System/Library/Frameworks/CFNetwork.framework; sourceTree = SDKROOT; };
		C525626D1705ADF000AC76A2 /* CoreImage.framework */ = {isa = PBXFileReference; lastKnownFileType = wrapper.framework; name = CoreImage.framework; path = System/Library/Frameworks/CoreImage.framework; sourceTree = SDKROOT; };
		C525626E1705ADF000AC76A2 /* CoreLocation.framework */ = {isa = PBXFileReference; lastKnownFileType = wrapper.framework; name = CoreLocation.framework; path = System/Library/Frameworks/CoreLocation.framework; sourceTree = SDKROOT; };
		C525626F1705ADF000AC76A2 /* CoreMotion.framework */ = {isa = PBXFileReference; lastKnownFileType = wrapper.framework; name = CoreMotion.framework; path = System/Library/Frameworks/CoreMotion.framework; sourceTree = SDKROOT; };
		C52562701705ADF000AC76A2 /* CoreText.framework */ = {isa = PBXFileReference; lastKnownFileType = wrapper.framework; name = CoreText.framework; path = System/Library/Frameworks/CoreText.framework; sourceTree = SDKROOT; };
		C52562711705ADF000AC76A2 /* GameKit.framework */ = {isa = PBXFileReference; lastKnownFileType = wrapper.framework; name = GameKit.framework; path = System/Library/Frameworks/GameKit.framework; sourceTree = SDKROOT; };
		C52562721705ADF000AC76A2 /* iAd.framework */ = {isa = PBXFileReference; lastKnownFileType = wrapper.framework; name = iAd.framework; path = System/Library/Frameworks/iAd.framework; sourceTree = SDKROOT; };
		C52562731705ADF000AC76A2 /* ImageIO.framework */ = {isa = PBXFileReference; lastKnownFileType = wrapper.framework; name = ImageIO.framework; path = System/Library/Frameworks/ImageIO.framework; sourceTree = SDKROOT; };
		C52562741705ADF000AC76A2 /* MapKit.framework */ = {isa = PBXFileReference; lastKnownFileType = wrapper.framework; name = MapKit.framework; path = System/Library/Frameworks/MapKit.framework; sourceTree = SDKROOT; };
		C52562751705ADF000AC76A2 /* MediaPlayer.framework */ = {isa = PBXFileReference; lastKnownFileType = wrapper.framework; name = MediaPlayer.framework; path = System/Library/Frameworks/MediaPlayer.framework; sourceTree = SDKROOT; };
		C52562761705ADF000AC76A2 /* MediaToolbox.framework */ = {isa = PBXFileReference; lastKnownFileType = wrapper.framework; name = MediaToolbox.framework; path = System/Library/Frameworks/MediaToolbox.framework; sourceTree = SDKROOT; };
		C52562771705ADF000AC76A2 /* MessageUI.framework */ = {isa = PBXFileReference; lastKnownFileType = wrapper.framework; name = MessageUI.framework; path = System/Library/Frameworks/MessageUI.framework; sourceTree = SDKROOT; };
		C52562781705ADF000AC76A2 /* MobileCoreServices.framework */ = {isa = PBXFileReference; lastKnownFileType = wrapper.framework; name = MobileCoreServices.framework; path = System/Library/Frameworks/MobileCoreServices.framework; sourceTree = SDKROOT; };
		C52562791705ADF000AC76A2 /* OpenGLES.framework */ = {isa = PBXFileReference; lastKnownFileType = wrapper.framework; name = OpenGLES.framework; path = System/Library/Frameworks/OpenGLES.framework; sourceTree = SDKROOT; };
		C525627A1705ADF000AC76A2 /* QuartzCore.framework */ = {isa = PBXFileReference; lastKnownFileType = wrapper.framework; name = QuartzCore.framework; path = System/Library/Frameworks/QuartzCore.framework; sourceTree = SDKROOT; };
		C525627B1705ADF000AC76A2 /* Security.framework */ = {isa = PBXFileReference; lastKnownFileType = wrapper.framework; name = Security.framework; path = System/Library/Frameworks/Security.framework; sourceTree = SDKROOT; };
		C525627C1705ADF000AC76A2 /* Social.framework */ = {isa = PBXFileReference; lastKnownFileType = wrapper.framework; name = Social.framework; path = System/Library/Frameworks/Social.framework; sourceTree = SDKROOT; };
		C525627D1705ADF000AC76A2 /* StoreKit.framework */ = {isa = PBXFileReference; lastKnownFileType = wrapper.framework; name = StoreKit.framework; path = System/Library/Frameworks/StoreKit.framework; sourceTree = SDKROOT; };
		C525627E1705ADF000AC76A2 /* SystemConfiguration.framework */ = {isa = PBXFileReference; lastKnownFileType = wrapper.framework; name = SystemConfiguration.framework; path = System/Library/Frameworks/SystemConfiguration.framework; sourceTree = SDKROOT; };
		C52562951705AE2000AC76A2 /* libsqlite3.dylib */ = {isa = PBXFileReference; lastKnownFileType = "compiled.mach-o.dylib"; name = libsqlite3.dylib; path = usr/lib/libsqlite3.dylib; sourceTree = SDKROOT; };
		C52562961705AE2000AC76A2 /* libxml2.dylib */ = {isa = PBXFileReference; lastKnownFileType = "compiled.mach-o.dylib"; name = libxml2.dylib; path = usr/lib/libxml2.dylib; sourceTree = SDKROOT; };
		C52562971705AE2000AC76A2 /* libz.dylib */ = {isa = PBXFileReference; lastKnownFileType = "compiled.mach-o.dylib"; name = libz.dylib; path = usr/lib/libz.dylib; sourceTree = SDKROOT; };
		C531746717090858004C1FB9 /* Toast+UIView.h */ = {isa = PBXFileReference; fileEncoding = 4; lastKnownFileType = sourcecode.c.h; path = "Toast+UIView.h"; sourceTree = "<group>"; };
		C531746817090858004C1FB9 /* Toast+UIView.m */ = {isa = PBXFileReference; fileEncoding = 4; lastKnownFileType = sourcecode.c.objc; path = "Toast+UIView.m"; sourceTree = "<group>"; };
		C53174C217090DA4004C1FB9 /* NSString+Versioning.h */ = {isa = PBXFileReference; fileEncoding = 4; lastKnownFileType = sourcecode.c.h; path = "NSString+Versioning.h"; sourceTree = "<group>"; };
		C53174C317090DA4004C1FB9 /* NSString+Versioning.m */ = {isa = PBXFileReference; fileEncoding = 4; lastKnownFileType = sourcecode.c.objc; path = "NSString+Versioning.m"; sourceTree = "<group>"; };
		C53174C417090DA4004C1FB9 /* SS+Functions.h */ = {isa = PBXFileReference; fileEncoding = 4; lastKnownFileType = sourcecode.c.h; path = "SS+Functions.h"; sourceTree = "<group>"; };
		C53174C517090DA4004C1FB9 /* SS+Functions.m */ = {isa = PBXFileReference; fileEncoding = 4; lastKnownFileType = sourcecode.c.objc; path = "SS+Functions.m"; sourceTree = "<group>"; };
		C53174C617090DA4004C1FB9 /* SS+System.h */ = {isa = PBXFileReference; fileEncoding = 4; lastKnownFileType = sourcecode.c.h; path = "SS+System.h"; sourceTree = "<group>"; };
		C53174C717090DA4004C1FB9 /* SS+System.m */ = {isa = PBXFileReference; fileEncoding = 4; lastKnownFileType = sourcecode.c.objc; path = "SS+System.m"; sourceTree = "<group>"; };
		C53174C817090DA4004C1FB9 /* SSArguments.h */ = {isa = PBXFileReference; fileEncoding = 4; lastKnownFileType = sourcecode.c.h; path = SSArguments.h; sourceTree = "<group>"; };
		C53174CA17090DA4004C1FB9 /* NSArray+JavaScript.h */ = {isa = PBXFileReference; fileEncoding = 4; lastKnownFileType = sourcecode.c.h; path = "NSArray+JavaScript.h"; sourceTree = "<group>"; };
		C53174CB17090DA4004C1FB9 /* NSArray+JavaScript.m */ = {isa = PBXFileReference; fileEncoding = 4; lastKnownFileType = sourcecode.c.objc; path = "NSArray+JavaScript.m"; sourceTree = "<group>"; };
		C53174CC17090DA4004C1FB9 /* NSDate+JavaScript.h */ = {isa = PBXFileReference; fileEncoding = 4; lastKnownFileType = sourcecode.c.h; path = "NSDate+JavaScript.h"; sourceTree = "<group>"; };
		C53174CD17090DA4004C1FB9 /* NSDate+JavaScript.m */ = {isa = PBXFileReference; fileEncoding = 4; lastKnownFileType = sourcecode.c.objc; path = "NSDate+JavaScript.m"; sourceTree = "<group>"; };
		C53174CE17090DA4004C1FB9 /* NSDictionary+JavaScript.h */ = {isa = PBXFileReference; fileEncoding = 4; lastKnownFileType = sourcecode.c.h; path = "NSDictionary+JavaScript.h"; sourceTree = "<group>"; };
		C53174CF17090DA4004C1FB9 /* NSDictionary+JavaScript.m */ = {isa = PBXFileReference; fileEncoding = 4; lastKnownFileType = sourcecode.c.objc; path = "NSDictionary+JavaScript.m"; sourceTree = "<group>"; };
		C53174D017090DA4004C1FB9 /* NSMutableArray+JavaScript.h */ = {isa = PBXFileReference; fileEncoding = 4; lastKnownFileType = sourcecode.c.h; path = "NSMutableArray+JavaScript.h"; sourceTree = "<group>"; };
		C53174D117090DA4004C1FB9 /* NSMutableArray+JavaScript.m */ = {isa = PBXFileReference; fileEncoding = 4; lastKnownFileType = sourcecode.c.objc; path = "NSMutableArray+JavaScript.m"; sourceTree = "<group>"; };
		C53174D217090DA4004C1FB9 /* NSMutableDictionary+JavaScript.h */ = {isa = PBXFileReference; fileEncoding = 4; lastKnownFileType = sourcecode.c.h; path = "NSMutableDictionary+JavaScript.h"; sourceTree = "<group>"; };
		C53174D317090DA4004C1FB9 /* NSMutableDictionary+JavaScript.m */ = {isa = PBXFileReference; fileEncoding = 4; lastKnownFileType = sourcecode.c.objc; path = "NSMutableDictionary+JavaScript.m"; sourceTree = "<group>"; };
		C53174D417090DA4004C1FB9 /* NSMutableString+JavaScript.h */ = {isa = PBXFileReference; fileEncoding = 4; lastKnownFileType = sourcecode.c.h; path = "NSMutableString+JavaScript.h"; sourceTree = "<group>"; };
		C53174D517090DA4004C1FB9 /* NSMutableString+JavaScript.m */ = {isa = PBXFileReference; fileEncoding = 4; lastKnownFileType = sourcecode.c.objc; path = "NSMutableString+JavaScript.m"; sourceTree = "<group>"; };
		C53174D617090DA4004C1FB9 /* NSNumber+JavaScript.h */ = {isa = PBXFileReference; fileEncoding = 4; lastKnownFileType = sourcecode.c.h; path = "NSNumber+JavaScript.h"; sourceTree = "<group>"; };
		C53174D717090DA4004C1FB9 /* NSNumber+JavaScript.m */ = {isa = PBXFileReference; fileEncoding = 4; lastKnownFileType = sourcecode.c.objc; path = "NSNumber+JavaScript.m"; sourceTree = "<group>"; };
		C53174D817090DA4004C1FB9 /* NSObject+JavaScript.h */ = {isa = PBXFileReference; fileEncoding = 4; lastKnownFileType = sourcecode.c.h; path = "NSObject+JavaScript.h"; sourceTree = "<group>"; };
		C53174D917090DA4004C1FB9 /* NSObject+JavaScript.m */ = {isa = PBXFileReference; fileEncoding = 4; lastKnownFileType = sourcecode.c.objc; path = "NSObject+JavaScript.m"; sourceTree = "<group>"; };
		C53174DA17090DA4004C1FB9 /* NSString+JavaScript.h */ = {isa = PBXFileReference; fileEncoding = 4; lastKnownFileType = sourcecode.c.h; path = "NSString+JavaScript.h"; sourceTree = "<group>"; };
		C53174DB17090DA4004C1FB9 /* NSString+JavaScript.m */ = {isa = PBXFileReference; fileEncoding = 4; lastKnownFileType = sourcecode.c.objc; path = "NSString+JavaScript.m"; sourceTree = "<group>"; };
		C53174DC17090DA4004C1FB9 /* SS+JavaScript.h */ = {isa = PBXFileReference; fileEncoding = 4; lastKnownFileType = sourcecode.c.h; path = "SS+JavaScript.h"; sourceTree = "<group>"; };
		C53174DD17090DA4004C1FB9 /* SS+JavaScript.m */ = {isa = PBXFileReference; fileEncoding = 4; lastKnownFileType = sourcecode.c.objc; path = "SS+JavaScript.m"; sourceTree = "<group>"; };
		C53174DE17090DA4004C1FB9 /* SS+Types.h */ = {isa = PBXFileReference; fileEncoding = 4; lastKnownFileType = sourcecode.c.h; path = "SS+Types.h"; sourceTree = "<group>"; };
		C53174DF17090DA4004C1FB9 /* SS+Types.m */ = {isa = PBXFileReference; fileEncoding = 4; lastKnownFileType = sourcecode.c.objc; path = "SS+Types.m"; sourceTree = "<group>"; };
		C53174E017090DA4004C1FB9 /* NSDictionary+NamedProperties.h */ = {isa = PBXFileReference; fileEncoding = 4; lastKnownFileType = sourcecode.c.h; path = "NSDictionary+NamedProperties.h"; sourceTree = "<group>"; };
		C53174E117090DA4004C1FB9 /* NSDictionary+NamedProperties.m */ = {isa = PBXFileReference; fileEncoding = 4; lastKnownFileType = sourcecode.c.objc; path = "NSDictionary+NamedProperties.m"; sourceTree = "<group>"; };
		C53174E217090DA4004C1FB9 /* SS.h */ = {isa = PBXFileReference; fileEncoding = 4; lastKnownFileType = sourcecode.c.h; path = SS.h; sourceTree = "<group>"; };
		C53174E317090DA4004C1FB9 /* SS.m */ = {isa = PBXFileReference; fileEncoding = 4; lastKnownFileType = sourcecode.c.objc; path = SS.m; sourceTree = "<group>"; };
		C53174E417090DA4004C1FB9 /* SubjectiveScript.h */ = {isa = PBXFileReference; fileEncoding = 4; lastKnownFileType = sourcecode.c.h; path = SubjectiveScript.h; sourceTree = "<group>"; };
		C53174E517090DA4004C1FB9 /* SubjectiveScript.m */ = {isa = PBXFileReference; fileEncoding = 4; lastKnownFileType = sourcecode.c.objc; path = SubjectiveScript.m; sourceTree = "<group>"; };
		C53174E717090DA4004C1FB9 /* NSArray+SS.h */ = {isa = PBXFileReference; fileEncoding = 4; lastKnownFileType = sourcecode.c.h; path = "NSArray+SS.h"; sourceTree = "<group>"; };
		C53174E817090DA4004C1FB9 /* NSArray+SS.m */ = {isa = PBXFileReference; fileEncoding = 4; lastKnownFileType = sourcecode.c.objc; path = "NSArray+SS.m"; sourceTree = "<group>"; };
		C53174E917090DA4004C1FB9 /* NSDate+SS.h */ = {isa = PBXFileReference; fileEncoding = 4; lastKnownFileType = sourcecode.c.h; path = "NSDate+SS.h"; sourceTree = "<group>"; };
		C53174EA17090DA4004C1FB9 /* NSDate+SS.m */ = {isa = PBXFileReference; fileEncoding = 4; lastKnownFileType = sourcecode.c.objc; path = "NSDate+SS.m"; sourceTree = "<group>"; };
		C53174EB17090DA4004C1FB9 /* NSDictionary+SS.h */ = {isa = PBXFileReference; fileEncoding = 4; lastKnownFileType = sourcecode.c.h; path = "NSDictionary+SS.h"; sourceTree = "<group>"; };
		C53174EC17090DA4004C1FB9 /* NSDictionary+SS.m */ = {isa = PBXFileReference; fileEncoding = 4; lastKnownFileType = sourcecode.c.objc; path = "NSDictionary+SS.m"; sourceTree = "<group>"; };
		C53174ED17090DA4004C1FB9 /* NSMutableArray+SS.h */ = {isa = PBXFileReference; fileEncoding = 4; lastKnownFileType = sourcecode.c.h; path = "NSMutableArray+SS.h"; sourceTree = "<group>"; };
		C53174EE17090DA4004C1FB9 /* NSMutableArray+SS.m */ = {isa = PBXFileReference; fileEncoding = 4; lastKnownFileType = sourcecode.c.objc; path = "NSMutableArray+SS.m"; sourceTree = "<group>"; };
		C53174EF17090DA4004C1FB9 /* NSMutableDictionary+SS.h */ = {isa = PBXFileReference; fileEncoding = 4; lastKnownFileType = sourcecode.c.h; path = "NSMutableDictionary+SS.h"; sourceTree = "<group>"; };
		C53174F017090DA4004C1FB9 /* NSMutableDictionary+SS.m */ = {isa = PBXFileReference; fileEncoding = 4; lastKnownFileType = sourcecode.c.objc; path = "NSMutableDictionary+SS.m"; sourceTree = "<group>"; };
		C53174F117090DA4004C1FB9 /* NSMutableString+SS.h */ = {isa = PBXFileReference; fileEncoding = 4; lastKnownFileType = sourcecode.c.h; path = "NSMutableString+SS.h"; sourceTree = "<group>"; };
		C53174F217090DA4004C1FB9 /* NSMutableString+SS.m */ = {isa = PBXFileReference; fileEncoding = 4; lastKnownFileType = sourcecode.c.objc; path = "NSMutableString+SS.m"; sourceTree = "<group>"; };
		C53174F317090DA4004C1FB9 /* NSNumber+SS.h */ = {isa = PBXFileReference; fileEncoding = 4; lastKnownFileType = sourcecode.c.h; path = "NSNumber+SS.h"; sourceTree = "<group>"; };
		C53174F417090DA4004C1FB9 /* NSNumber+SS.m */ = {isa = PBXFileReference; fileEncoding = 4; lastKnownFileType = sourcecode.c.objc; path = "NSNumber+SS.m"; sourceTree = "<group>"; };
		C53174F517090DA4004C1FB9 /* NSObject+SS.h */ = {isa = PBXFileReference; fileEncoding = 4; lastKnownFileType = sourcecode.c.h; path = "NSObject+SS.h"; sourceTree = "<group>"; };
		C53174F617090DA4004C1FB9 /* NSObject+SS.m */ = {isa = PBXFileReference; fileEncoding = 4; lastKnownFileType = sourcecode.c.objc; path = "NSObject+SS.m"; sourceTree = "<group>"; };
		C53174F717090DA4004C1FB9 /* NSString+SS.h */ = {isa = PBXFileReference; fileEncoding = 4; lastKnownFileType = sourcecode.c.h; path = "NSString+SS.h"; sourceTree = "<group>"; };
		C53174F817090DA4004C1FB9 /* NSString+SS.m */ = {isa = PBXFileReference; fileEncoding = 4; lastKnownFileType = sourcecode.c.objc; path = "NSString+SS.m"; sourceTree = "<group>"; };
		C53174F917090DA4004C1FB9 /* SSTypes.h */ = {isa = PBXFileReference; fileEncoding = 4; lastKnownFileType = sourcecode.c.h; path = SSTypes.h; sourceTree = "<group>"; };
		C531751517090DC7004C1FB9 /* HTMLNode.h */ = {isa = PBXFileReference; fileEncoding = 4; lastKnownFileType = sourcecode.c.h; path = HTMLNode.h; sourceTree = "<group>"; };
		C531751617090DC7004C1FB9 /* HTMLNode.m */ = {isa = PBXFileReference; fileEncoding = 4; lastKnownFileType = sourcecode.c.objc; path = HTMLNode.m; sourceTree = "<group>"; };
		C531751717090DC7004C1FB9 /* HTMLParser.h */ = {isa = PBXFileReference; fileEncoding = 4; lastKnownFileType = sourcecode.c.h; path = HTMLParser.h; sourceTree = "<group>"; };
		C531751817090DC7004C1FB9 /* HTMLParser.m */ = {isa = PBXFileReference; fileEncoding = 4; lastKnownFileType = sourcecode.c.objc; path = HTMLParser.m; sourceTree = "<group>"; };
		C531751C17090F66004C1FB9 /* SSKeychain.h */ = {isa = PBXFileReference; fileEncoding = 4; lastKnownFileType = sourcecode.c.h; path = SSKeychain.h; sourceTree = "<group>"; };
		C531751D17090F66004C1FB9 /* SSKeychain.m */ = {isa = PBXFileReference; fileEncoding = 4; lastKnownFileType = sourcecode.c.objc; path = SSKeychain.m; sourceTree = "<group>"; };
		C531751E17090F66004C1FB9 /* SSKeychainQuery.h */ = {isa = PBXFileReference; fileEncoding = 4; lastKnownFileType = sourcecode.c.h; path = SSKeychainQuery.h; sourceTree = "<group>"; };
		C531751F17090F66004C1FB9 /* SSKeychainQuery.m */ = {isa = PBXFileReference; fileEncoding = 4; lastKnownFileType = sourcecode.c.objc; path = SSKeychainQuery.m; sourceTree = "<group>"; };
		C531752317090F83004C1FB9 /* NSArray+ObjectiveSugar.h */ = {isa = PBXFileReference; fileEncoding = 4; lastKnownFileType = sourcecode.c.h; path = "NSArray+ObjectiveSugar.h"; sourceTree = "<group>"; };
		C531752417090F83004C1FB9 /* NSArray+ObjectiveSugar.m */ = {isa = PBXFileReference; fileEncoding = 4; lastKnownFileType = sourcecode.c.objc; path = "NSArray+ObjectiveSugar.m"; sourceTree = "<group>"; };
		C531752517090F83004C1FB9 /* NSDictionary+ObjectiveSugar.h */ = {isa = PBXFileReference; fileEncoding = 4; lastKnownFileType = sourcecode.c.h; path = "NSDictionary+ObjectiveSugar.h"; sourceTree = "<group>"; };
		C531752617090F83004C1FB9 /* NSDictionary+ObjectiveSugar.m */ = {isa = PBXFileReference; fileEncoding = 4; lastKnownFileType = sourcecode.c.objc; path = "NSDictionary+ObjectiveSugar.m"; sourceTree = "<group>"; };
		C531752717090F83004C1FB9 /* NSMutableArray+ObjectiveSugar.h */ = {isa = PBXFileReference; fileEncoding = 4; lastKnownFileType = sourcecode.c.h; path = "NSMutableArray+ObjectiveSugar.h"; sourceTree = "<group>"; };
		C531752817090F83004C1FB9 /* NSMutableArray+ObjectiveSugar.m */ = {isa = PBXFileReference; fileEncoding = 4; lastKnownFileType = sourcecode.c.objc; path = "NSMutableArray+ObjectiveSugar.m"; sourceTree = "<group>"; };
		C531752917090F83004C1FB9 /* NSNumber+ObjectiveSugar.h */ = {isa = PBXFileReference; fileEncoding = 4; lastKnownFileType = sourcecode.c.h; path = "NSNumber+ObjectiveSugar.h"; sourceTree = "<group>"; };
		C531752A17090F83004C1FB9 /* NSNumber+ObjectiveSugar.m */ = {isa = PBXFileReference; fileEncoding = 4; lastKnownFileType = sourcecode.c.objc; path = "NSNumber+ObjectiveSugar.m"; sourceTree = "<group>"; };
		C531752B17090F83004C1FB9 /* NSSet+ObjectiveSugar.h */ = {isa = PBXFileReference; fileEncoding = 4; lastKnownFileType = sourcecode.c.h; path = "NSSet+ObjectiveSugar.h"; sourceTree = "<group>"; };
		C531752C17090F83004C1FB9 /* NSSet+ObjectiveSugar.m */ = {isa = PBXFileReference; fileEncoding = 4; lastKnownFileType = sourcecode.c.objc; path = "NSSet+ObjectiveSugar.m"; sourceTree = "<group>"; };
		C531752D17090F83004C1FB9 /* NSString+ObjectiveSugar.h */ = {isa = PBXFileReference; fileEncoding = 4; lastKnownFileType = sourcecode.c.h; path = "NSString+ObjectiveSugar.h"; sourceTree = "<group>"; };
		C531752E17090F83004C1FB9 /* NSString+ObjectiveSugar.m */ = {isa = PBXFileReference; fileEncoding = 4; lastKnownFileType = sourcecode.c.objc; path = "NSString+ObjectiveSugar.m"; sourceTree = "<group>"; };
		C531752F17090F83004C1FB9 /* ObjectiveSugar.h */ = {isa = PBXFileReference; fileEncoding = 4; lastKnownFileType = sourcecode.c.h; path = ObjectiveSugar.h; sourceTree = "<group>"; };
		C5317537170911F7004C1FB9 /* RXMLElement.h */ = {isa = PBXFileReference; fileEncoding = 4; lastKnownFileType = sourcecode.c.h; path = RXMLElement.h; sourceTree = "<group>"; };
		C5317538170911F7004C1FB9 /* RXMLElement.m */ = {isa = PBXFileReference; fileEncoding = 4; lastKnownFileType = sourcecode.c.objc; path = RXMLElement.m; sourceTree = "<group>"; };
		C531753B170919DE004C1FB9 /* SecureUDID.h */ = {isa = PBXFileReference; fileEncoding = 4; lastKnownFileType = sourcecode.c.h; path = SecureUDID.h; sourceTree = "<group>"; };
		C531753C170919DE004C1FB9 /* SecureUDID.m */ = {isa = PBXFileReference; fileEncoding = 4; lastKnownFileType = sourcecode.c.objc; path = SecureUDID.m; sourceTree = "<group>"; };
/* End PBXFileReference section */

/* Begin PBXFrameworksBuildPhase section */
		C52561BA1705AD5200AC76A2 /* Frameworks */ = {
			isa = PBXFrameworksBuildPhase;
			buildActionMask = 2147483647;
			files = (
				C52562981705AE2000AC76A2 /* libsqlite3.dylib in Frameworks */,
				C52562991705AE2000AC76A2 /* libxml2.dylib in Frameworks */,
				C525629A1705AE2000AC76A2 /* libz.dylib in Frameworks */,
				C525627F1705ADF000AC76A2 /* Accelerate.framework in Frameworks */,
				C52562801705ADF000AC76A2 /* AudioToolbox.framework in Frameworks */,
				C52562811705ADF000AC76A2 /* AVFoundation.framework in Frameworks */,
				C52562821705ADF000AC76A2 /* CFNetwork.framework in Frameworks */,
				C52562831705ADF000AC76A2 /* CoreImage.framework in Frameworks */,
				C52562841705ADF000AC76A2 /* CoreLocation.framework in Frameworks */,
				C52562851705ADF000AC76A2 /* CoreMotion.framework in Frameworks */,
				C52562861705ADF000AC76A2 /* CoreText.framework in Frameworks */,
				C52562871705ADF000AC76A2 /* GameKit.framework in Frameworks */,
				C52562881705ADF000AC76A2 /* iAd.framework in Frameworks */,
				C52562891705ADF000AC76A2 /* ImageIO.framework in Frameworks */,
				C525628A1705ADF000AC76A2 /* MapKit.framework in Frameworks */,
				C525628B1705ADF000AC76A2 /* MediaPlayer.framework in Frameworks */,
				C525628C1705ADF000AC76A2 /* MediaToolbox.framework in Frameworks */,
				C525628D1705ADF000AC76A2 /* MessageUI.framework in Frameworks */,
				C525628E1705ADF000AC76A2 /* MobileCoreServices.framework in Frameworks */,
				C525628F1705ADF000AC76A2 /* OpenGLES.framework in Frameworks */,
				C52562901705ADF000AC76A2 /* QuartzCore.framework in Frameworks */,
				C52562911705ADF000AC76A2 /* Security.framework in Frameworks */,
				C52562921705ADF000AC76A2 /* Social.framework in Frameworks */,
				C52562931705ADF000AC76A2 /* StoreKit.framework in Frameworks */,
				C52562941705ADF000AC76A2 /* SystemConfiguration.framework in Frameworks */,
				C52561C11705AD5200AC76A2 /* UIKit.framework in Frameworks */,
				C52561C31705AD5200AC76A2 /* Foundation.framework in Frameworks */,
				C52561C51705AD5200AC76A2 /* CoreGraphics.framework in Frameworks */,
				C52561C71705AD5200AC76A2 /* CoreData.framework in Frameworks */,
			);
			runOnlyForDeploymentPostprocessing = 0;
		};
		C52561DE1705AD5200AC76A2 /* Frameworks */ = {
			isa = PBXFrameworksBuildPhase;
			buildActionMask = 2147483647;
			files = (
				C52561E41705AD5200AC76A2 /* SenTestingKit.framework in Frameworks */,
				C52561E51705AD5200AC76A2 /* UIKit.framework in Frameworks */,
				C52561E61705AD5200AC76A2 /* Foundation.framework in Frameworks */,
				C52561E71705AD5200AC76A2 /* CoreData.framework in Frameworks */,
			);
			runOnlyForDeploymentPostprocessing = 0;
		};
/* End PBXFrameworksBuildPhase section */

/* Begin PBXGroup section */
		C52561B41705AD5200AC76A2 = {
			isa = PBXGroup;
			children = (
				C52561C81705AD5200AC76A2 /* EiffelApplication */,
				C52561EA1705AD5200AC76A2 /* EiffelApplicationTests */,
				C52561BF1705AD5200AC76A2 /* Frameworks */,
				C52561BE1705AD5200AC76A2 /* Products */,
			);
			sourceTree = "<group>";
		};
		C52561BE1705AD5200AC76A2 /* Products */ = {
			isa = PBXGroup;
			children = (
				C52561BD1705AD5200AC76A2 /* EiffelApplication.app */,
				C52561E21705AD5200AC76A2 /* EiffelApplicationTests.octest */,
			);
			name = Products;
			sourceTree = "<group>";
		};
		C52561BF1705AD5200AC76A2 /* Frameworks */ = {
			isa = PBXGroup;
			children = (
				C52562951705AE2000AC76A2 /* libsqlite3.dylib */,
				C52562961705AE2000AC76A2 /* libxml2.dylib */,
				C52562971705AE2000AC76A2 /* libz.dylib */,
				C52562691705ADF000AC76A2 /* Accelerate.framework */,
				C525626A1705ADF000AC76A2 /* AudioToolbox.framework */,
				C525626B1705ADF000AC76A2 /* AVFoundation.framework */,
				C525626C1705ADF000AC76A2 /* CFNetwork.framework */,
				C525626D1705ADF000AC76A2 /* CoreImage.framework */,
				C525626E1705ADF000AC76A2 /* CoreLocation.framework */,
				C525626F1705ADF000AC76A2 /* CoreMotion.framework */,
				C52562701705ADF000AC76A2 /* CoreText.framework */,
				C52562711705ADF000AC76A2 /* GameKit.framework */,
				C52562721705ADF000AC76A2 /* iAd.framework */,
				C52562731705ADF000AC76A2 /* ImageIO.framework */,
				C52562741705ADF000AC76A2 /* MapKit.framework */,
				C52562751705ADF000AC76A2 /* MediaPlayer.framework */,
				C52562761705ADF000AC76A2 /* MediaToolbox.framework */,
				C52562771705ADF000AC76A2 /* MessageUI.framework */,
				C52562781705ADF000AC76A2 /* MobileCoreServices.framework */,
				C52562791705ADF000AC76A2 /* OpenGLES.framework */,
				C525627A1705ADF000AC76A2 /* QuartzCore.framework */,
				C525627B1705ADF000AC76A2 /* Security.framework */,
				C525627C1705ADF000AC76A2 /* Social.framework */,
				C525627D1705ADF000AC76A2 /* StoreKit.framework */,
				C525627E1705ADF000AC76A2 /* SystemConfiguration.framework */,
				C52561C01705AD5200AC76A2 /* UIKit.framework */,
				C52561C21705AD5200AC76A2 /* Foundation.framework */,
				C52561C41705AD5200AC76A2 /* CoreGraphics.framework */,
				C52561C61705AD5200AC76A2 /* CoreData.framework */,
				C52561E31705AD5200AC76A2 /* SenTestingKit.framework */,
			);
			name = Frameworks;
			sourceTree = "<group>";
		};
		C52561C81705AD5200AC76A2 /* EiffelApplication */ = {
			isa = PBXGroup;
			children = (
				C52561FB1705ADAB00AC76A2 /* app */,
				C52561FC1705ADAB00AC76A2 /* libs */,
				C52562471705ADAB00AC76A2 /* resources */,
				C52561DA1705AD5200AC76A2 /* EiffelApplication.xcdatamodeld */,
				C52561C91705AD5200AC76A2 /* Supporting Files */,
			);
			path = EiffelApplication;
			sourceTree = "<group>";
		};
		C52561C91705AD5200AC76A2 /* Supporting Files */ = {
			isa = PBXGroup;
			children = (
				C52561CA1705AD5200AC76A2 /* EiffelApplication-Info.plist */,
				C52561CB1705AD5200AC76A2 /* InfoPlist.strings */,
				C52561CE1705AD5200AC76A2 /* main.m */,
				C52561D01705AD5200AC76A2 /* EiffelApplication-Prefix.pch */,
				C52561D41705AD5200AC76A2 /* Default.png */,
				C52561D61705AD5200AC76A2 /* Default@2x.png */,
				C52561D81705AD5200AC76A2 /* Default-568h@2x.png */,
			);
			name = "Supporting Files";
			sourceTree = "<group>";
		};
		C52561EA1705AD5200AC76A2 /* EiffelApplicationTests */ = {
			isa = PBXGroup;
			children = (
				C52561F01705AD5200AC76A2 /* EiffelApplicationTests.h */,
				C52561F11705AD5200AC76A2 /* EiffelApplicationTests.m */,
				C52561EB1705AD5200AC76A2 /* Supporting Files */,
			);
			path = EiffelApplicationTests;
			sourceTree = "<group>";
		};
		C52561EB1705AD5200AC76A2 /* Supporting Files */ = {
			isa = PBXGroup;
			children = (
				C52561EC1705AD5200AC76A2 /* EiffelApplicationTests-Info.plist */,
				C52561ED1705AD5200AC76A2 /* InfoPlist.strings */,
			);
			name = "Supporting Files";
			sourceTree = "<group>";
		};
		C52561FB1705ADAB00AC76A2 /* app */ = {
			isa = PBXGroup;
			children = (
				C52561D11705AD5200AC76A2 /* AppDelegate.h */,
				C52561D21705AD5200AC76A2 /* AppDelegate.m */,
			);
			path = app;
			sourceTree = "<group>";
		};
		C52561FC1705ADAB00AC76A2 /* libs */ = {
			isa = PBXGroup;
			children = (
				C531746517090858004C1FB9 /* components */,
				C52561FD1705ADAB00AC76A2 /* frameworks */,
				C52562231705ADAB00AC76A2 /* toolkit */,
			);
			path = libs;
			sourceTree = "<group>";
		};
		C52561FD1705ADAB00AC76A2 /* frameworks */ = {
			isa = PBXGroup;
			children = (
				C5317536170911F7004C1FB9 /* RaptureXML */,
				C52561FE1705ADAB00AC76A2 /* AFNetworking */,
				C52562121705ADAB00AC76A2 /* fmdb */,
				C525621E1705ADAB00AC76A2 /* JSONKit */,
			);
			path = frameworks;
			sourceTree = "<group>";
		};
		C52561FE1705ADAB00AC76A2 /* AFNetworking */ = {
			isa = PBXGroup;
			children = (
				C52561FF1705ADAB00AC76A2 /* AFHTTPClient.h */,
				C52562001705ADAB00AC76A2 /* AFHTTPClient.m */,
				C52562011705ADAB00AC76A2 /* AFHTTPRequestOperation.h */,
				C52562021705ADAB00AC76A2 /* AFHTTPRequestOperation.m */,
				C52562031705ADAB00AC76A2 /* AFImageRequestOperation.h */,
				C52562041705ADAB00AC76A2 /* AFImageRequestOperation.m */,
				C52562051705ADAB00AC76A2 /* AFJSONRequestOperation.h */,
				C52562061705ADAB00AC76A2 /* AFJSONRequestOperation.m */,
				C52562071705ADAB00AC76A2 /* AFNetworkActivityIndicatorManager.h */,
				C52562081705ADAB00AC76A2 /* AFNetworkActivityIndicatorManager.m */,
				C52562091705ADAB00AC76A2 /* AFNetworking.h */,
				C525620A1705ADAB00AC76A2 /* AFPropertyListRequestOperation.h */,
				C525620B1705ADAB00AC76A2 /* AFPropertyListRequestOperation.m */,
				C525620C1705ADAB00AC76A2 /* AFURLConnectionOperation.h */,
				C525620D1705ADAB00AC76A2 /* AFURLConnectionOperation.m */,
				C525620E1705ADAB00AC76A2 /* AFXMLRequestOperation.h */,
				C525620F1705ADAB00AC76A2 /* AFXMLRequestOperation.m */,
				C52562101705ADAB00AC76A2 /* UIImageView+AFNetworking.h */,
				C52562111705ADAB00AC76A2 /* UIImageView+AFNetworking.m */,
			);
			path = AFNetworking;
			sourceTree = "<group>";
		};
		C52562121705ADAB00AC76A2 /* fmdb */ = {
			isa = PBXGroup;
			children = (
				C52562131705ADAB00AC76A2 /* FMDatabase.h */,
				C52562141705ADAB00AC76A2 /* FMDatabase.m */,
				C52562151705ADAB00AC76A2 /* FMDatabaseAdditions.h */,
				C52562161705ADAB00AC76A2 /* FMDatabaseAdditions.m */,
				C52562171705ADAB00AC76A2 /* FMDatabasePool.h */,
				C52562181705ADAB00AC76A2 /* FMDatabasePool.m */,
				C52562191705ADAB00AC76A2 /* FMDatabaseQueue.h */,
				C525621A1705ADAB00AC76A2 /* FMDatabaseQueue.m */,
				C525621C1705ADAB00AC76A2 /* FMResultSet.h */,
				C525621D1705ADAB00AC76A2 /* FMResultSet.m */,
			);
			path = fmdb;
			sourceTree = "<group>";
		};
		C525621E1705ADAB00AC76A2 /* JSONKit */ = {
			isa = PBXGroup;
			children = (
				C52562201705ADAB00AC76A2 /* JSONKit.h */,
				C52562211705ADAB00AC76A2 /* JSONKit.m */,
			);
			path = JSONKit;
			sourceTree = "<group>";
		};
		C52562231705ADAB00AC76A2 /* toolkit */ = {
			isa = PBXGroup;
			children = (
				C531753A170919DE004C1FB9 /* SecureUDID */,
				C531752217090F83004C1FB9 /* ObjectiveSugar */,
				C531751B17090F66004C1FB9 /* SSKeychain */,
				C531751417090DC7004C1FB9 /* Objective-C-HMTL-Parser */,
				C53174C017090DA4004C1FB9 /* SubjectiveScript */,
				C52562241705ADAB00AC76A2 /* EGOCache */,
				C52562281705ADAB00AC76A2 /* Lumberjack */,
				C52562391705ADAB00AC76A2 /* ObjectiveMixin */,
				C525623C1705ADAB00AC76A2 /* Underscore */,
			);
			path = toolkit;
			sourceTree = "<group>";
		};
		C52562241705ADAB00AC76A2 /* EGOCache */ = {
			isa = PBXGroup;
			children = (
				C52562251705ADAB00AC76A2 /* EGOCache.h */,
				C52562261705ADAB00AC76A2 /* EGOCache.m */,
			);
			path = EGOCache;
			sourceTree = "<group>";
		};
		C52562281705ADAB00AC76A2 /* Lumberjack */ = {
			isa = PBXGroup;
			children = (
				C52562291705ADAB00AC76A2 /* DDAbstractDatabaseLogger.h */,
				C525622A1705ADAB00AC76A2 /* DDAbstractDatabaseLogger.m */,
				C525622B1705ADAB00AC76A2 /* DDASLLogger.h */,
				C525622C1705ADAB00AC76A2 /* DDASLLogger.m */,
				C525622D1705ADAB00AC76A2 /* DDFileLogger.h */,
				C525622E1705ADAB00AC76A2 /* DDFileLogger.m */,
				C525622F1705ADAB00AC76A2 /* DDLog.h */,
				C52562301705ADAB00AC76A2 /* DDLog.m */,
				C52562311705ADAB00AC76A2 /* DDTTYLogger.h */,
				C52562321705ADAB00AC76A2 /* DDTTYLogger.m */,
				C52562331705ADAB00AC76A2 /* Extensions */,
			);
			path = Lumberjack;
			sourceTree = "<group>";
		};
		C52562331705ADAB00AC76A2 /* Extensions */ = {
			isa = PBXGroup;
			children = (
				C52562341705ADAB00AC76A2 /* ContextFilterLogFormatter.h */,
				C52562351705ADAB00AC76A2 /* ContextFilterLogFormatter.m */,
				C52562361705ADAB00AC76A2 /* DispatchQueueLogFormatter.h */,
				C52562371705ADAB00AC76A2 /* DispatchQueueLogFormatter.m */,
			);
			path = Extensions;
			sourceTree = "<group>";
		};
		C52562391705ADAB00AC76A2 /* ObjectiveMixin */ = {
			isa = PBXGroup;
			children = (
				C525623A1705ADAB00AC76A2 /* Mixin.h */,
				C525623B1705ADAB00AC76A2 /* Mixin.m */,
			);
			path = ObjectiveMixin;
			sourceTree = "<group>";
		};
		C525623C1705ADAB00AC76A2 /* Underscore */ = {
			isa = PBXGroup;
			children = (
				C525623D1705ADAB00AC76A2 /* Underscore+Functional.h */,
				C525623E1705ADAB00AC76A2 /* Underscore+Functional.m */,
				C525623F1705ADAB00AC76A2 /* Underscore-Prefix.pch */,
				C52562401705ADAB00AC76A2 /* Underscore.h */,
				C52562411705ADAB00AC76A2 /* Underscore.m */,
				C52562421705ADAB00AC76A2 /* USArrayWrapper.h */,
				C52562431705ADAB00AC76A2 /* USArrayWrapper.m */,
				C52562441705ADAB00AC76A2 /* USConstants.h */,
				C52562451705ADAB00AC76A2 /* USDictionaryWrapper.h */,
				C52562461705ADAB00AC76A2 /* USDictionaryWrapper.m */,
			);
			path = Underscore;
			sourceTree = "<group>";
		};
		C52562471705ADAB00AC76A2 /* resources */ = {
			isa = PBXGroup;
			children = (
			);
			path = resources;
			sourceTree = "<group>";
		};
		C531746517090858004C1FB9 /* components */ = {
			isa = PBXGroup;
			children = (
				C531746617090858004C1FB9 /* Toast */,
			);
			path = components;
			sourceTree = "<group>";
		};
		C531746617090858004C1FB9 /* Toast */ = {
			isa = PBXGroup;
			children = (
				C531746717090858004C1FB9 /* Toast+UIView.h */,
				C531746817090858004C1FB9 /* Toast+UIView.m */,
			);
			path = Toast;
			sourceTree = "<group>";
		};
		C53174C017090DA4004C1FB9 /* SubjectiveScript */ = {
			isa = PBXGroup;
			children = (
				C53174C117090DA4004C1FB9 /* Helpers */,
				C53174C917090DA4004C1FB9 /* JavaScript */,
				C53174E017090DA4004C1FB9 /* NSDictionary+NamedProperties.h */,
				C53174E117090DA4004C1FB9 /* NSDictionary+NamedProperties.m */,
				C53174E217090DA4004C1FB9 /* SS.h */,
				C53174E317090DA4004C1FB9 /* SS.m */,
				C53174E417090DA4004C1FB9 /* SubjectiveScript.h */,
				C53174E517090DA4004C1FB9 /* SubjectiveScript.m */,
				C53174E617090DA4004C1FB9 /* Types */,
			);
			path = SubjectiveScript;
			sourceTree = "<group>";
		};
		C53174C117090DA4004C1FB9 /* Helpers */ = {
			isa = PBXGroup;
			children = (
				C53174C217090DA4004C1FB9 /* NSString+Versioning.h */,
				C53174C317090DA4004C1FB9 /* NSString+Versioning.m */,
				C53174C417090DA4004C1FB9 /* SS+Functions.h */,
				C53174C517090DA4004C1FB9 /* SS+Functions.m */,
				C53174C617090DA4004C1FB9 /* SS+System.h */,
				C53174C717090DA4004C1FB9 /* SS+System.m */,
				C53174C817090DA4004C1FB9 /* SSArguments.h */,
			);
			path = Helpers;
			sourceTree = "<group>";
		};
		C53174C917090DA4004C1FB9 /* JavaScript */ = {
			isa = PBXGroup;
			children = (
				C53174CA17090DA4004C1FB9 /* NSArray+JavaScript.h */,
				C53174CB17090DA4004C1FB9 /* NSArray+JavaScript.m */,
				C53174CC17090DA4004C1FB9 /* NSDate+JavaScript.h */,
				C53174CD17090DA4004C1FB9 /* NSDate+JavaScript.m */,
				C53174CE17090DA4004C1FB9 /* NSDictionary+JavaScript.h */,
				C53174CF17090DA4004C1FB9 /* NSDictionary+JavaScript.m */,
				C53174D017090DA4004C1FB9 /* NSMutableArray+JavaScript.h */,
				C53174D117090DA4004C1FB9 /* NSMutableArray+JavaScript.m */,
				C53174D217090DA4004C1FB9 /* NSMutableDictionary+JavaScript.h */,
				C53174D317090DA4004C1FB9 /* NSMutableDictionary+JavaScript.m */,
				C53174D417090DA4004C1FB9 /* NSMutableString+JavaScript.h */,
				C53174D517090DA4004C1FB9 /* NSMutableString+JavaScript.m */,
				C53174D617090DA4004C1FB9 /* NSNumber+JavaScript.h */,
				C53174D717090DA4004C1FB9 /* NSNumber+JavaScript.m */,
				C53174D817090DA4004C1FB9 /* NSObject+JavaScript.h */,
				C53174D917090DA4004C1FB9 /* NSObject+JavaScript.m */,
				C53174DA17090DA4004C1FB9 /* NSString+JavaScript.h */,
				C53174DB17090DA4004C1FB9 /* NSString+JavaScript.m */,
				C53174DC17090DA4004C1FB9 /* SS+JavaScript.h */,
				C53174DD17090DA4004C1FB9 /* SS+JavaScript.m */,
				C53174DE17090DA4004C1FB9 /* SS+Types.h */,
				C53174DF17090DA4004C1FB9 /* SS+Types.m */,
			);
			path = JavaScript;
			sourceTree = "<group>";
		};
		C53174E617090DA4004C1FB9 /* Types */ = {
			isa = PBXGroup;
			children = (
				C53174E717090DA4004C1FB9 /* NSArray+SS.h */,
				C53174E817090DA4004C1FB9 /* NSArray+SS.m */,
				C53174E917090DA4004C1FB9 /* NSDate+SS.h */,
				C53174EA17090DA4004C1FB9 /* NSDate+SS.m */,
				C53174EB17090DA4004C1FB9 /* NSDictionary+SS.h */,
				C53174EC17090DA4004C1FB9 /* NSDictionary+SS.m */,
				C53174ED17090DA4004C1FB9 /* NSMutableArray+SS.h */,
				C53174EE17090DA4004C1FB9 /* NSMutableArray+SS.m */,
				C53174EF17090DA4004C1FB9 /* NSMutableDictionary+SS.h */,
				C53174F017090DA4004C1FB9 /* NSMutableDictionary+SS.m */,
				C53174F117090DA4004C1FB9 /* NSMutableString+SS.h */,
				C53174F217090DA4004C1FB9 /* NSMutableString+SS.m */,
				C53174F317090DA4004C1FB9 /* NSNumber+SS.h */,
				C53174F417090DA4004C1FB9 /* NSNumber+SS.m */,
				C53174F517090DA4004C1FB9 /* NSObject+SS.h */,
				C53174F617090DA4004C1FB9 /* NSObject+SS.m */,
				C53174F717090DA4004C1FB9 /* NSString+SS.h */,
				C53174F817090DA4004C1FB9 /* NSString+SS.m */,
				C53174F917090DA4004C1FB9 /* SSTypes.h */,
			);
			path = Types;
			sourceTree = "<group>";
		};
		C531751417090DC7004C1FB9 /* Objective-C-HMTL-Parser */ = {
			isa = PBXGroup;
			children = (
				C531751517090DC7004C1FB9 /* HTMLNode.h */,
				C531751617090DC7004C1FB9 /* HTMLNode.m */,
				C531751717090DC7004C1FB9 /* HTMLParser.h */,
				C531751817090DC7004C1FB9 /* HTMLParser.m */,
			);
			path = "Objective-C-HMTL-Parser";
			sourceTree = "<group>";
		};
		C531751B17090F66004C1FB9 /* SSKeychain */ = {
			isa = PBXGroup;
			children = (
				C531751C17090F66004C1FB9 /* SSKeychain.h */,
				C531751D17090F66004C1FB9 /* SSKeychain.m */,
				C531751E17090F66004C1FB9 /* SSKeychainQuery.h */,
				C531751F17090F66004C1FB9 /* SSKeychainQuery.m */,
			);
			path = SSKeychain;
			sourceTree = "<group>";
		};
		C531752217090F83004C1FB9 /* ObjectiveSugar */ = {
			isa = PBXGroup;
			children = (
				C531752317090F83004C1FB9 /* NSArray+ObjectiveSugar.h */,
				C531752417090F83004C1FB9 /* NSArray+ObjectiveSugar.m */,
				C531752517090F83004C1FB9 /* NSDictionary+ObjectiveSugar.h */,
				C531752617090F83004C1FB9 /* NSDictionary+ObjectiveSugar.m */,
				C531752717090F83004C1FB9 /* NSMutableArray+ObjectiveSugar.h */,
				C531752817090F83004C1FB9 /* NSMutableArray+ObjectiveSugar.m */,
				C531752917090F83004C1FB9 /* NSNumber+ObjectiveSugar.h */,
				C531752A17090F83004C1FB9 /* NSNumber+ObjectiveSugar.m */,
				C531752B17090F83004C1FB9 /* NSSet+ObjectiveSugar.h */,
				C531752C17090F83004C1FB9 /* NSSet+ObjectiveSugar.m */,
				C531752D17090F83004C1FB9 /* NSString+ObjectiveSugar.h */,
				C531752E17090F83004C1FB9 /* NSString+ObjectiveSugar.m */,
				C531752F17090F83004C1FB9 /* ObjectiveSugar.h */,
			);
			path = ObjectiveSugar;
			sourceTree = "<group>";
		};
		C5317536170911F7004C1FB9 /* RaptureXML */ = {
			isa = PBXGroup;
			children = (
				C5317537170911F7004C1FB9 /* RXMLElement.h */,
				C5317538170911F7004C1FB9 /* RXMLElement.m */,
			);
			path = RaptureXML;
			sourceTree = "<group>";
		};
		C531753A170919DE004C1FB9 /* SecureUDID */ = {
			isa = PBXGroup;
			children = (
				C531753B170919DE004C1FB9 /* SecureUDID.h */,
				C531753C170919DE004C1FB9 /* SecureUDID.m */,
			);
			path = SecureUDID;
			sourceTree = "<group>";
		};
/* End PBXGroup section */

/* Begin PBXNativeTarget section */
		C52561BC1705AD5200AC76A2 /* EiffelApplication */ = {
			isa = PBXNativeTarget;
			buildConfigurationList = C52561F51705AD5200AC76A2 /* Build configuration list for PBXNativeTarget "EiffelApplication" */;
			buildPhases = (
				C52561B91705AD5200AC76A2 /* Sources */,
				C52561BA1705AD5200AC76A2 /* Frameworks */,
				C52561BB1705AD5200AC76A2 /* Resources */,
			);
			buildRules = (
			);
			dependencies = (
			);
			name = EiffelApplication;
			productName = EiffelApplication;
			productReference = C52561BD1705AD5200AC76A2 /* EiffelApplication.app */;
			productType = "com.apple.product-type.application";
		};
		C52561E11705AD5200AC76A2 /* EiffelApplicationTests */ = {
			isa = PBXNativeTarget;
			buildConfigurationList = C52561F81705AD5200AC76A2 /* Build configuration list for PBXNativeTarget "EiffelApplicationTests" */;
			buildPhases = (
				C52561DD1705AD5200AC76A2 /* Sources */,
				C52561DE1705AD5200AC76A2 /* Frameworks */,
				C52561DF1705AD5200AC76A2 /* Resources */,
				C52561E01705AD5200AC76A2 /* ShellScript */,
			);
			buildRules = (
			);
			dependencies = (
				C52561E91705AD5200AC76A2 /* PBXTargetDependency */,
			);
			name = EiffelApplicationTests;
			productName = EiffelApplicationTests;
			productReference = C52561E21705AD5200AC76A2 /* EiffelApplicationTests.octest */;
			productType = "com.apple.product-type.bundle";
		};
/* End PBXNativeTarget section */

/* Begin PBXProject section */
		C52561B51705AD5200AC76A2 /* Project object */ = {
			isa = PBXProject;
			attributes = {
				LastUpgradeCheck = 0460;
				ORGANIZATIONNAME = likenote;
			};
			buildConfigurationList = C52561B81705AD5200AC76A2 /* Build configuration list for PBXProject "EiffelApplication" */;
			compatibilityVersion = "Xcode 3.2";
			developmentRegion = English;
			hasScannedForEncodings = 0;
			knownRegions = (
				en,
			);
			mainGroup = C52561B41705AD5200AC76A2;
			productRefGroup = C52561BE1705AD5200AC76A2 /* Products */;
			projectDirPath = "";
			projectRoot = "";
			targets = (
				C52561BC1705AD5200AC76A2 /* EiffelApplication */,
				C52561E11705AD5200AC76A2 /* EiffelApplicationTests */,
			);
		};
/* End PBXProject section */

/* Begin PBXResourcesBuildPhase section */
		C52561BB1705AD5200AC76A2 /* Resources */ = {
			isa = PBXResourcesBuildPhase;
			buildActionMask = 2147483647;
			files = (
				C52561CD1705AD5200AC76A2 /* InfoPlist.strings in Resources */,
				C52561D51705AD5200AC76A2 /* Default.png in Resources */,
				C52561D71705AD5200AC76A2 /* Default@2x.png in Resources */,
				C52561D91705AD5200AC76A2 /* Default-568h@2x.png in Resources */,
			);
			runOnlyForDeploymentPostprocessing = 0;
		};
		C52561DF1705AD5200AC76A2 /* Resources */ = {
			isa = PBXResourcesBuildPhase;
			buildActionMask = 2147483647;
			files = (
				C52561EF1705AD5200AC76A2 /* InfoPlist.strings in Resources */,
			);
			runOnlyForDeploymentPostprocessing = 0;
		};
/* End PBXResourcesBuildPhase section */

/* Begin PBXShellScriptBuildPhase section */
		C52561E01705AD5200AC76A2 /* ShellScript */ = {
			isa = PBXShellScriptBuildPhase;
			buildActionMask = 2147483647;
			files = (
			);
			inputPaths = (
			);
			outputPaths = (
			);
			runOnlyForDeploymentPostprocessing = 0;
			shellPath = /bin/sh;
			shellScript = "# Run the unit tests in this test bundle.\n\"${SYSTEM_DEVELOPER_DIR}/Tools/RunUnitTests\"\n";
		};
/* End PBXShellScriptBuildPhase section */

/* Begin PBXSourcesBuildPhase section */
		C52561B91705AD5200AC76A2 /* Sources */ = {
			isa = PBXSourcesBuildPhase;
			buildActionMask = 2147483647;
			files = (
				C52561CF1705AD5200AC76A2 /* main.m in Sources */,
				C52561D31705AD5200AC76A2 /* AppDelegate.m in Sources */,
				C52561DC1705AD5200AC76A2 /* EiffelApplication.xcdatamodeld in Sources */,
				C52562481705ADAB00AC76A2 /* AFHTTPClient.m in Sources */,
				C52562491705ADAB00AC76A2 /* AFHTTPRequestOperation.m in Sources */,
				C525624A1705ADAB00AC76A2 /* AFImageRequestOperation.m in Sources */,
				C525624B1705ADAB00AC76A2 /* AFJSONRequestOperation.m in Sources */,
				C525624C1705ADAB00AC76A2 /* AFNetworkActivityIndicatorManager.m in Sources */,
				C525624D1705ADAB00AC76A2 /* AFPropertyListRequestOperation.m in Sources */,
				C525624E1705ADAB00AC76A2 /* AFURLConnectionOperation.m in Sources */,
				C525624F1705ADAB00AC76A2 /* AFXMLRequestOperation.m in Sources */,
				C52562501705ADAB00AC76A2 /* UIImageView+AFNetworking.m in Sources */,
				C52562511705ADAB00AC76A2 /* FMDatabase.m in Sources */,
				C52562521705ADAB00AC76A2 /* FMDatabaseAdditions.m in Sources */,
				C52562531705ADAB00AC76A2 /* FMDatabasePool.m in Sources */,
				C52562541705ADAB00AC76A2 /* FMDatabaseQueue.m in Sources */,
				C52562561705ADAB00AC76A2 /* FMResultSet.m in Sources */,
				C52562581705ADAB00AC76A2 /* JSONKit.m in Sources */,
				C525625A1705ADAB00AC76A2 /* EGOCache.m in Sources */,
				C525625C1705ADAB00AC76A2 /* DDAbstractDatabaseLogger.m in Sources */,
				C525625D1705ADAB00AC76A2 /* DDASLLogger.m in Sources */,
				C525625E1705ADAB00AC76A2 /* DDFileLogger.m in Sources */,
				C525625F1705ADAB00AC76A2 /* DDLog.m in Sources */,
				C52562601705ADAB00AC76A2 /* DDTTYLogger.m in Sources */,
				C52562611705ADAB00AC76A2 /* ContextFilterLogFormatter.m in Sources */,
				C52562621705ADAB00AC76A2 /* DispatchQueueLogFormatter.m in Sources */,
				C52562641705ADAB00AC76A2 /* Mixin.m in Sources */,
				C52562651705ADAB00AC76A2 /* Underscore+Functional.m in Sources */,
				C52562661705ADAB00AC76A2 /* Underscore.m in Sources */,
				C52562671705ADAB00AC76A2 /* USArrayWrapper.m in Sources */,
				C52562681705ADAB00AC76A2 /* USDictionaryWrapper.m in Sources */,
				C531746917090858004C1FB9 /* Toast+UIView.m in Sources */,
				C53174FA17090DA4004C1FB9 /* NSString+Versioning.m in Sources */,
				C53174FB17090DA4004C1FB9 /* SS+Functions.m in Sources */,
				C53174FC17090DA4004C1FB9 /* SS+System.m in Sources */,
				C53174FD17090DA4004C1FB9 /* NSArray+JavaScript.m in Sources */,
				C53174FE17090DA4004C1FB9 /* NSDate+JavaScript.m in Sources */,
				C53174FF17090DA4004C1FB9 /* NSDictionary+JavaScript.m in Sources */,
				C531750017090DA4004C1FB9 /* NSMutableArray+JavaScript.m in Sources */,
				C531750117090DA4004C1FB9 /* NSMutableDictionary+JavaScript.m in Sources */,
				C531750217090DA4004C1FB9 /* NSMutableString+JavaScript.m in Sources */,
				C531750317090DA4004C1FB9 /* NSNumber+JavaScript.m in Sources */,
				C531750417090DA4004C1FB9 /* NSObject+JavaScript.m in Sources */,
				C531750517090DA4004C1FB9 /* NSString+JavaScript.m in Sources */,
				C531750617090DA4004C1FB9 /* SS+JavaScript.m in Sources */,
				C531750717090DA4004C1FB9 /* SS+Types.m in Sources */,
				C531750817090DA4004C1FB9 /* NSDictionary+NamedProperties.m in Sources */,
				C531750917090DA4004C1FB9 /* SS.m in Sources */,
				C531750A17090DA4004C1FB9 /* SubjectiveScript.m in Sources */,
				C531750B17090DA4004C1FB9 /* NSArray+SS.m in Sources */,
				C531750C17090DA4004C1FB9 /* NSDate+SS.m in Sources */,
				C531750D17090DA4004C1FB9 /* NSDictionary+SS.m in Sources */,
				C531750E17090DA4004C1FB9 /* NSMutableArray+SS.m in Sources */,
				C531750F17090DA4004C1FB9 /* NSMutableDictionary+SS.m in Sources */,
				C531751017090DA4004C1FB9 /* NSMutableString+SS.m in Sources */,
				C531751117090DA4004C1FB9 /* NSNumber+SS.m in Sources */,
				C531751217090DA4004C1FB9 /* NSObject+SS.m in Sources */,
				C531751317090DA4004C1FB9 /* NSString+SS.m in Sources */,
				C531751917090DC7004C1FB9 /* HTMLNode.m in Sources */,
				C531751A17090DC7004C1FB9 /* HTMLParser.m in Sources */,
				C531752017090F66004C1FB9 /* SSKeychain.m in Sources */,
				C531752117090F66004C1FB9 /* SSKeychainQuery.m in Sources */,
				C531753017090F83004C1FB9 /* NSArray+ObjectiveSugar.m in Sources */,
				C531753117090F83004C1FB9 /* NSDictionary+ObjectiveSugar.m in Sources */,
				C531753217090F83004C1FB9 /* NSMutableArray+ObjectiveSugar.m in Sources */,
				C531753317090F83004C1FB9 /* NSNumber+ObjectiveSugar.m in Sources */,
				C531753417090F83004C1FB9 /* NSSet+ObjectiveSugar.m in Sources */,
				C531753517090F83004C1FB9 /* NSString+ObjectiveSugar.m in Sources */,
				C5317539170911F7004C1FB9 /* RXMLElement.m in Sources */,
				C531753D170919DE004C1FB9 /* SecureUDID.m in Sources */,
			);
			runOnlyForDeploymentPostprocessing = 0;
		};
		C52561DD1705AD5200AC76A2 /* Sources */ = {
			isa = PBXSourcesBuildPhase;
			buildActionMask = 2147483647;
			files = (
				C52561F21705AD5200AC76A2 /* EiffelApplicationTests.m in Sources */,
			);
			runOnlyForDeploymentPostprocessing = 0;
		};
/* End PBXSourcesBuildPhase section */

/* Begin PBXTargetDependency section */
		C52561E91705AD5200AC76A2 /* PBXTargetDependency */ = {
			isa = PBXTargetDependency;
			target = C52561BC1705AD5200AC76A2 /* EiffelApplication */;
			targetProxy = C52561E81705AD5200AC76A2 /* PBXContainerItemProxy */;
		};
/* End PBXTargetDependency section */

/* Begin PBXVariantGroup section */
		C52561CB1705AD5200AC76A2 /* InfoPlist.strings */ = {
			isa = PBXVariantGroup;
			children = (
				C52561CC1705AD5200AC76A2 /* en */,
			);
			name = InfoPlist.strings;
			sourceTree = "<group>";
		};
		C52561ED1705AD5200AC76A2 /* InfoPlist.strings */ = {
			isa = PBXVariantGroup;
			children = (
				C52561EE1705AD5200AC76A2 /* en */,
			);
			name = InfoPlist.strings;
			sourceTree = "<group>";
		};
/* End PBXVariantGroup section */

/* Begin XCBuildConfiguration section */
		C52561F31705AD5200AC76A2 /* Debug */ = {
			isa = XCBuildConfiguration;
			buildSettings = {
				ALWAYS_SEARCH_USER_PATHS = NO;
				CLANG_CXX_LANGUAGE_STANDARD = "gnu++0x";
				CLANG_CXX_LIBRARY = "libc++";
				CLANG_ENABLE_OBJC_ARC = YES;
				CLANG_WARN_CONSTANT_CONVERSION = YES;
				CLANG_WARN_EMPTY_BODY = YES;
				CLANG_WARN_ENUM_CONVERSION = YES;
				CLANG_WARN_INT_CONVERSION = YES;
				CLANG_WARN__DUPLICATE_METHOD_MATCH = YES;
				"CODE_SIGN_IDENTITY[sdk=iphoneos*]" = "iPhone Developer";
				COPY_PHASE_STRIP = NO;
				GCC_C_LANGUAGE_STANDARD = gnu99;
				GCC_DYNAMIC_NO_PIC = NO;
				GCC_OPTIMIZATION_LEVEL = 0;
				GCC_PREPROCESSOR_DEFINITIONS = (
					"DEBUG=1",
					"$(inherited)",
				);
				GCC_SYMBOLS_PRIVATE_EXTERN = NO;
				GCC_WARN_ABOUT_RETURN_TYPE = YES;
				GCC_WARN_UNINITIALIZED_AUTOS = YES;
				GCC_WARN_UNUSED_VARIABLE = YES;
				HEADER_SEARCH_PATHS = (
					/usr/include/libxml2,
					"\"$(SDK_DIR)\"/usr/include/libxml2",
				);
				IPHONEOS_DEPLOYMENT_TARGET = 6.1;
				ONLY_ACTIVE_ARCH = YES;
				SDKROOT = iphoneos;
				TARGETED_DEVICE_FAMILY = "1,2";
			};
			name = Debug;
		};
		C52561F41705AD5200AC76A2 /* Release */ = {
			isa = XCBuildConfiguration;
			buildSettings = {
				ALWAYS_SEARCH_USER_PATHS = NO;
				CLANG_CXX_LANGUAGE_STANDARD = "gnu++0x";
				CLANG_CXX_LIBRARY = "libc++";
				CLANG_ENABLE_OBJC_ARC = YES;
				CLANG_WARN_CONSTANT_CONVERSION = YES;
				CLANG_WARN_EMPTY_BODY = YES;
				CLANG_WARN_ENUM_CONVERSION = YES;
				CLANG_WARN_INT_CONVERSION = YES;
				CLANG_WARN__DUPLICATE_METHOD_MATCH = YES;
				"CODE_SIGN_IDENTITY[sdk=iphoneos*]" = "iPhone Developer";
				COPY_PHASE_STRIP = YES;
				GCC_C_LANGUAGE_STANDARD = gnu99;
				GCC_WARN_ABOUT_RETURN_TYPE = YES;
				GCC_WARN_UNINITIALIZED_AUTOS = YES;
				GCC_WARN_UNUSED_VARIABLE = YES;
				HEADER_SEARCH_PATHS = (
					/usr/include/libxml2,
					"\"$(SDK_DIR)\"/usr/include/libxml2",
				);
				IPHONEOS_DEPLOYMENT_TARGET = 6.1;
				OTHER_CFLAGS = "-DNS_BLOCK_ASSERTIONS=1";
				SDKROOT = iphoneos;
				TARGETED_DEVICE_FAMILY = "1,2";
				VALIDATE_PRODUCT = YES;
			};
			name = Release;
		};
		C52561F61705AD5200AC76A2 /* Debug */ = {
			isa = XCBuildConfiguration;
			buildSettings = {
				GCC_PRECOMPILE_PREFIX_HEADER = YES;
				GCC_PREFIX_HEADER = "EiffelApplication/EiffelApplication-Prefix.pch";
				HEADER_SEARCH_PATHS = (
					/usr/include/libxml2,
					"\"$(SDK_DIR)\"/usr/include/libxml2",
				);
				INFOPLIST_FILE = "EiffelApplication/EiffelApplication-Info.plist";
				IPHONEOS_DEPLOYMENT_TARGET = 6.0;
				PRODUCT_NAME = "$(TARGET_NAME)";
				WRAPPER_EXTENSION = app;
			};
			name = Debug;
		};
		C52561F71705AD5200AC76A2 /* Release */ = {
			isa = XCBuildConfiguration;
			buildSettings = {
				GCC_PRECOMPILE_PREFIX_HEADER = YES;
				GCC_PREFIX_HEADER = "EiffelApplication/EiffelApplication-Prefix.pch";
				HEADER_SEARCH_PATHS = (
					/usr/include/libxml2,
					"\"$(SDK_DIR)\"/usr/include/libxml2",
				);
				INFOPLIST_FILE = "EiffelApplication/EiffelApplication-Info.plist";
				IPHONEOS_DEPLOYMENT_TARGET = 6.0;
				PRODUCT_NAME = "$(TARGET_NAME)";
				WRAPPER_EXTENSION = app;
			};
			name = Release;
		};
		C52561F91705AD5200AC76A2 /* Debug */ = {
			isa = XCBuildConfiguration;
			buildSettings = {
				BUNDLE_LOADER = "$(BUILT_PRODUCTS_DIR)/EiffelApplication.app/EiffelApplication";
				FRAMEWORK_SEARCH_PATHS = (
					"\"$(SDKROOT)/Developer/Library/Frameworks\"",
					"\"$(DEVELOPER_LIBRARY_DIR)/Frameworks\"",
				);
				GCC_PRECOMPILE_PREFIX_HEADER = YES;
				GCC_PREFIX_HEADER = "EiffelApplication/EiffelApplication-Prefix.pch";
				HEADER_SEARCH_PATHS = "$SDKROOT/usr/include/libxml2/**";
				INFOPLIST_FILE = "EiffelApplicationTests/EiffelApplicationTests-Info.plist";
				PRODUCT_NAME = "$(TARGET_NAME)";
				TEST_HOST = "$(BUNDLE_LOADER)";
				WRAPPER_EXTENSION = octest;
			};
			name = Debug;
		};
		C52561FA1705AD5200AC76A2 /* Release */ = {
			isa = XCBuildConfiguration;
			buildSettings = {
				BUNDLE_LOADER = "$(BUILT_PRODUCTS_DIR)/EiffelApplication.app/EiffelApplication";
				FRAMEWORK_SEARCH_PATHS = (
					"\"$(SDKROOT)/Developer/Library/Frameworks\"",
					"\"$(DEVELOPER_LIBRARY_DIR)/Frameworks\"",
				);
				GCC_PRECOMPILE_PREFIX_HEADER = YES;
				GCC_PREFIX_HEADER = "EiffelApplication/EiffelApplication-Prefix.pch";
				HEADER_SEARCH_PATHS = "$SDKROOT/usr/include/libxml2/**";
				INFOPLIST_FILE = "EiffelApplicationTests/EiffelApplicationTests-Info.plist";
				PRODUCT_NAME = "$(TARGET_NAME)";
				TEST_HOST = "$(BUNDLE_LOADER)";
				WRAPPER_EXTENSION = octest;
			};
			name = Release;
		};
/* End XCBuildConfiguration section */

/* Begin XCConfigurationList section */
		C52561B81705AD5200AC76A2 /* Build configuration list for PBXProject "EiffelApplication" */ = {
			isa = XCConfigurationList;
			buildConfigurations = (
				C52561F31705AD5200AC76A2 /* Debug */,
				C52561F41705AD5200AC76A2 /* Release */,
			);
			defaultConfigurationIsVisible = 0;
			defaultConfigurationName = Release;
		};
		C52561F51705AD5200AC76A2 /* Build configuration list for PBXNativeTarget "EiffelApplication" */ = {
			isa = XCConfigurationList;
			buildConfigurations = (
				C52561F61705AD5200AC76A2 /* Debug */,
				C52561F71705AD5200AC76A2 /* Release */,
			);
			defaultConfigurationIsVisible = 0;
			defaultConfigurationName = Release;
		};
		C52561F81705AD5200AC76A2 /* Build configuration list for PBXNativeTarget "EiffelApplicationTests" */ = {
			isa = XCConfigurationList;
			buildConfigurations = (
				C52561F91705AD5200AC76A2 /* Debug */,
				C52561FA1705AD5200AC76A2 /* Release */,
			);
			defaultConfigurationIsVisible = 0;
			defaultConfigurationName = Release;
		};
/* End XCConfigurationList section */

/* Begin XCVersionGroup section */
		C52561DA1705AD5200AC76A2 /* EiffelApplication.xcdatamodeld */ = {
			isa = XCVersionGroup;
			children = (
				C52561DB1705AD5200AC76A2 /* EiffelApplication.xcdatamodel */,
			);
			currentVersion = C52561DB1705AD5200AC76A2 /* EiffelApplication.xcdatamodel */;
			path = EiffelApplication.xcdatamodeld;
			sourceTree = "<group>";
			versionGroupType = wrapper.xcdatamodel;
		};
/* End XCVersionGroup section */
	};
	rootObject = C52561B51705AD5200AC76A2 /* Project object */;
}
